// !$*UTF8*$!
{
	archiveVersion = 1;
	classes = {
	};
	objectVersion = 46;
	objects = {

/* Begin PBXBuildFile section */
		8237397C1CC99B1500CBAF3C /* Tyro.framework in Frameworks */ = {isa = PBXBuildFile; fileRef = 823739721CC99B1400CBAF3C /* Tyro.framework */; };
		823739971CC99B3900CBAF3C /* Swiftz.framework in Frameworks */ = {isa = PBXBuildFile; fileRef = DEDC9CBA1CA37D15004B6289 /* Swiftz.framework */; };
		823739981CC99B4200CBAF3C /* EitherExt.swift in Sources */ = {isa = PBXBuildFile; fileRef = DE4480231BFC440E00010200 /* EitherExt.swift */; };
		823739991CC99B4200CBAF3C /* NSDataExt.swift in Sources */ = {isa = PBXBuildFile; fileRef = DE8483CD1BFBF50D00273011 /* NSDataExt.swift */; };
		8237399A1CC99B4200CBAF3C /* Decoder.swift in Sources */ = {isa = PBXBuildFile; fileRef = DE8483B21BFBD87800273011 /* Decoder.swift */; };
		8237399B1CC99B4200CBAF3C /* Encoder.swift in Sources */ = {isa = PBXBuildFile; fileRef = DE8483CA1BFBF4F600273011 /* Encoder.swift */; };
		8237399C1CC99B4200CBAF3C /* JSON.swift in Sources */ = {isa = PBXBuildFile; fileRef = DE702CEA1BFAC7750017CEE8 /* JSON.swift */; };
		8237399D1CC99B4200CBAF3C /* JSONKeypath.swift in Sources */ = {isa = PBXBuildFile; fileRef = DE702CEC1BFAC79C0017CEE8 /* JSONKeypath.swift */; };
		8237399E1CC99B4300CBAF3C /* JSONValue.swift in Sources */ = {isa = PBXBuildFile; fileRef = DE8483B41BFBD8B000273011 /* JSONValue.swift */; };
		8237399F1CC99B4300CBAF3C /* JSONOperators.swift in Sources */ = {isa = PBXBuildFile; fileRef = DE8483B81BFBDC3600273011 /* JSONOperators.swift */; };
		823739A01CC99B4300CBAF3C /* Instances.swift in Sources */ = {isa = PBXBuildFile; fileRef = DE8483BB1BFBDC5000273011 /* Instances.swift */; };
		823739A11CC99B4300CBAF3C /* Enum.swift in Sources */ = {isa = PBXBuildFile; fileRef = DE8483BE1BFBDCED00273011 /* Enum.swift */; };
		823739A21CC99B4300CBAF3C /* EncodedTypes.swift in Sources */ = {isa = PBXBuildFile; fileRef = DE8483C11BFBDD1700273011 /* EncodedTypes.swift */; };
		823739A31CC99B4300CBAF3C /* Error.swift in Sources */ = {isa = PBXBuildFile; fileRef = DE8483C71BFBF3CA00273011 /* Error.swift */; };
		823739A41CC99B4300CBAF3C /* Formatter.swift in Sources */ = {isa = PBXBuildFile; fileRef = DE4480251BFD5F6D00010200 /* Formatter.swift */; };
		823739A51CC99B4300CBAF3C /* Date.swift in Sources */ = {isa = PBXBuildFile; fileRef = DE8483C41BFBDE4300273011 /* Date.swift */; };
		823739A61CC99B4300CBAF3C /* URL.swift in Sources */ = {isa = PBXBuildFile; fileRef = DEB7BD341BFEAD020051C2C0 /* URL.swift */; };
		823739A71CC99B4300CBAF3C /* DecimalNumber.swift in Sources */ = {isa = PBXBuildFile; fileRef = DEB7BD5C1BFEE6500051C2C0 /* DecimalNumber.swift */; };
		823739AE1CC99B8800CBAF3C /* UserExample.swift in Sources */ = {isa = PBXBuildFile; fileRef = DE702D001BFB21250017CEE8 /* UserExample.swift */; };
		823739AF1CC99B8800CBAF3C /* DecoderSpec.swift in Sources */ = {isa = PBXBuildFile; fileRef = DEB7BD561BFEB9A80051C2C0 /* DecoderSpec.swift */; };
		823739B01CC99B8800CBAF3C /* EncoderSpec.swift in Sources */ = {isa = PBXBuildFile; fileRef = DEB7BD541BFEB9A00051C2C0 /* EncoderSpec.swift */; };
		823739B11CC99B8800CBAF3C /* TyroSpec.swift in Sources */ = {isa = PBXBuildFile; fileRef = DE4480271BFD779200010200 /* TyroSpec.swift */; };
		823739B21CC99B8800CBAF3C /* JSONDataSpec.swift in Sources */ = {isa = PBXBuildFile; fileRef = DEB7BD261BFE77210051C2C0 /* JSONDataSpec.swift */; };
		823739B31CC99B8800CBAF3C /* JSONValueSpec.swift in Sources */ = {isa = PBXBuildFile; fileRef = 826B84781C017B8900E2F01C /* JSONValueSpec.swift */; };
		823739B41CC99B8800CBAF3C /* UserSpec.swift in Sources */ = {isa = PBXBuildFile; fileRef = DEB7BD2C1BFE9C850051C2C0 /* UserSpec.swift */; };
		823739B51CC99B8800CBAF3C /* TypesSpec.swift in Sources */ = {isa = PBXBuildFile; fileRef = DEB7BD321BFEA5060051C2C0 /* TypesSpec.swift */; };
		823739B61CC99B8800CBAF3C /* DateSpec.swift in Sources */ = {isa = PBXBuildFile; fileRef = DEB7BD371BFEAE090051C2C0 /* DateSpec.swift */; };
		823739B71CC99B8800CBAF3C /* EnumSpec.swift in Sources */ = {isa = PBXBuildFile; fileRef = DEB7BD4B1BFEAE7B0051C2C0 /* EnumSpec.swift */; };
		823739B81CC99B8800CBAF3C /* URLSpec.swift in Sources */ = {isa = PBXBuildFile; fileRef = DEB7BD4E1BFEAE930051C2C0 /* URLSpec.swift */; };
		823739B91CC99B8800CBAF3C /* OperatorsSpec.swift in Sources */ = {isa = PBXBuildFile; fileRef = DEB7BD581BFED3F30051C2C0 /* OperatorsSpec.swift */; };
		823739BA1CC99B8800CBAF3C /* KeypathSpec.swift in Sources */ = {isa = PBXBuildFile; fileRef = DEB7BD5A1BFED42E0051C2C0 /* KeypathSpec.swift */; };
		823739BB1CC99B8800CBAF3C /* DecimalNumberSpec.swift in Sources */ = {isa = PBXBuildFile; fileRef = DEB7BD5F1BFEE7C80051C2C0 /* DecimalNumberSpec.swift */; };
		823739BD1CC99BB800CBAF3C /* Swiftz.framework in Frameworks */ = {isa = PBXBuildFile; fileRef = DEE480981C004AB800517CF5 /* Swiftz.framework */; };
		823739BE1CC99BC900CBAF3C /* Swiftz.framework in Frameworks */ = {isa = PBXBuildFile; fileRef = DEDC9CBA1CA37D15004B6289 /* Swiftz.framework */; };
		823739C11CC99BD900CBAF3C /* SwiftCheck.framework in Frameworks */ = {isa = PBXBuildFile; fileRef = DEDC9CA71CA37D15004B6289 /* SwiftCheck.framework */; };
		826B84791C017B8900E2F01C /* JSONValueSpec.swift in Sources */ = {isa = PBXBuildFile; fileRef = 826B84781C017B8900E2F01C /* JSONValueSpec.swift */; };
		826B847A1C017B8900E2F01C /* JSONValueSpec.swift in Sources */ = {isa = PBXBuildFile; fileRef = 826B84781C017B8900E2F01C /* JSONValueSpec.swift */; };
		8A5621B71CC8FA5F00B956F4 /* Swiftz.framework in Frameworks */ = {isa = PBXBuildFile; fileRef = DEDC9CBE1CA37D15004B6289 /* Swiftz.framework */; };
		8A5621B81CC8FA6D00B956F4 /* EitherExt.swift in Sources */ = {isa = PBXBuildFile; fileRef = DE4480231BFC440E00010200 /* EitherExt.swift */; };
		8A5621B91CC8FA6D00B956F4 /* NSDataExt.swift in Sources */ = {isa = PBXBuildFile; fileRef = DE8483CD1BFBF50D00273011 /* NSDataExt.swift */; };
		8A5621BA1CC8FA6D00B956F4 /* Decoder.swift in Sources */ = {isa = PBXBuildFile; fileRef = DE8483B21BFBD87800273011 /* Decoder.swift */; };
		8A5621BB1CC8FA6D00B956F4 /* Encoder.swift in Sources */ = {isa = PBXBuildFile; fileRef = DE8483CA1BFBF4F600273011 /* Encoder.swift */; };
		8A5621BC1CC8FA6D00B956F4 /* JSON.swift in Sources */ = {isa = PBXBuildFile; fileRef = DE702CEA1BFAC7750017CEE8 /* JSON.swift */; };
		8A5621BD1CC8FA6D00B956F4 /* JSONKeypath.swift in Sources */ = {isa = PBXBuildFile; fileRef = DE702CEC1BFAC79C0017CEE8 /* JSONKeypath.swift */; };
		8A5621BE1CC8FA6D00B956F4 /* JSONValue.swift in Sources */ = {isa = PBXBuildFile; fileRef = DE8483B41BFBD8B000273011 /* JSONValue.swift */; };
		8A5621BF1CC8FA6D00B956F4 /* JSONOperators.swift in Sources */ = {isa = PBXBuildFile; fileRef = DE8483B81BFBDC3600273011 /* JSONOperators.swift */; };
		8A5621C01CC8FA6D00B956F4 /* Instances.swift in Sources */ = {isa = PBXBuildFile; fileRef = DE8483BB1BFBDC5000273011 /* Instances.swift */; };
		8A5621C11CC8FA6D00B956F4 /* Enum.swift in Sources */ = {isa = PBXBuildFile; fileRef = DE8483BE1BFBDCED00273011 /* Enum.swift */; };
		8A5621C21CC8FA6D00B956F4 /* EncodedTypes.swift in Sources */ = {isa = PBXBuildFile; fileRef = DE8483C11BFBDD1700273011 /* EncodedTypes.swift */; };
		8A5621C31CC8FA6D00B956F4 /* Error.swift in Sources */ = {isa = PBXBuildFile; fileRef = DE8483C71BFBF3CA00273011 /* Error.swift */; };
		8A5621C41CC8FA6D00B956F4 /* Formatter.swift in Sources */ = {isa = PBXBuildFile; fileRef = DE4480251BFD5F6D00010200 /* Formatter.swift */; };
		8A5621C51CC8FA6D00B956F4 /* Date.swift in Sources */ = {isa = PBXBuildFile; fileRef = DE8483C41BFBDE4300273011 /* Date.swift */; };
		8A5621C61CC8FA6D00B956F4 /* URL.swift in Sources */ = {isa = PBXBuildFile; fileRef = DEB7BD341BFEAD020051C2C0 /* URL.swift */; };
		8A5621C71CC8FA6D00B956F4 /* DecimalNumber.swift in Sources */ = {isa = PBXBuildFile; fileRef = DEB7BD5C1BFEE6500051C2C0 /* DecimalNumber.swift */; };
		DE4480241BFC440E00010200 /* EitherExt.swift in Sources */ = {isa = PBXBuildFile; fileRef = DE4480231BFC440E00010200 /* EitherExt.swift */; };
		DE4480261BFD5F6D00010200 /* Formatter.swift in Sources */ = {isa = PBXBuildFile; fileRef = DE4480251BFD5F6D00010200 /* Formatter.swift */; };
		DE44805A1BFD7BB600010200 /* json-data in Resources */ = {isa = PBXBuildFile; fileRef = DE4480591BFD7BB600010200 /* json-data */; };
		DE44805B1BFD7BB600010200 /* json-data in Resources */ = {isa = PBXBuildFile; fileRef = DE4480591BFD7BB600010200 /* json-data */; };
		DE702CEB1BFAC7750017CEE8 /* JSON.swift in Sources */ = {isa = PBXBuildFile; fileRef = DE702CEA1BFAC7750017CEE8 /* JSON.swift */; };
		DE702CED1BFAC79C0017CEE8 /* JSONKeypath.swift in Sources */ = {isa = PBXBuildFile; fileRef = DE702CEC1BFAC79C0017CEE8 /* JSONKeypath.swift */; };
		DE702D061BFB248E0017CEE8 /* Tyro.framework in Frameworks */ = {isa = PBXBuildFile; fileRef = DE702CD01BFAC6830017CEE8 /* Tyro.framework */; };
		DE702D191BFB28E30017CEE8 /* Tyro.framework in Frameworks */ = {isa = PBXBuildFile; fileRef = DE702D0F1BFB28E20017CEE8 /* Tyro.framework */; };
		DE702D331BFB2ADC0017CEE8 /* JSON.swift in Sources */ = {isa = PBXBuildFile; fileRef = DE702CEA1BFAC7750017CEE8 /* JSON.swift */; };
		DE702D341BFB2ADC0017CEE8 /* JSONKeypath.swift in Sources */ = {isa = PBXBuildFile; fileRef = DE702CEC1BFAC79C0017CEE8 /* JSONKeypath.swift */; };
		DE8483B31BFBD87800273011 /* Decoder.swift in Sources */ = {isa = PBXBuildFile; fileRef = DE8483B21BFBD87800273011 /* Decoder.swift */; };
		DE8483B51BFBD8B000273011 /* JSONValue.swift in Sources */ = {isa = PBXBuildFile; fileRef = DE8483B41BFBD8B000273011 /* JSONValue.swift */; };
		DE8483B61BFBD8E500273011 /* Decoder.swift in Sources */ = {isa = PBXBuildFile; fileRef = DE8483B21BFBD87800273011 /* Decoder.swift */; };
		DE8483B71BFBD8E500273011 /* JSONValue.swift in Sources */ = {isa = PBXBuildFile; fileRef = DE8483B41BFBD8B000273011 /* JSONValue.swift */; };
		DE8483B91BFBDC3600273011 /* JSONOperators.swift in Sources */ = {isa = PBXBuildFile; fileRef = DE8483B81BFBDC3600273011 /* JSONOperators.swift */; };
		DE8483BA1BFBDC3600273011 /* JSONOperators.swift in Sources */ = {isa = PBXBuildFile; fileRef = DE8483B81BFBDC3600273011 /* JSONOperators.swift */; };
		DE8483BC1BFBDC5000273011 /* Instances.swift in Sources */ = {isa = PBXBuildFile; fileRef = DE8483BB1BFBDC5000273011 /* Instances.swift */; };
		DE8483BD1BFBDC5000273011 /* Instances.swift in Sources */ = {isa = PBXBuildFile; fileRef = DE8483BB1BFBDC5000273011 /* Instances.swift */; };
		DE8483BF1BFBDCED00273011 /* Enum.swift in Sources */ = {isa = PBXBuildFile; fileRef = DE8483BE1BFBDCED00273011 /* Enum.swift */; };
		DE8483C01BFBDCED00273011 /* Enum.swift in Sources */ = {isa = PBXBuildFile; fileRef = DE8483BE1BFBDCED00273011 /* Enum.swift */; };
		DE8483C21BFBDD1700273011 /* EncodedTypes.swift in Sources */ = {isa = PBXBuildFile; fileRef = DE8483C11BFBDD1700273011 /* EncodedTypes.swift */; };
		DE8483C31BFBDD1700273011 /* EncodedTypes.swift in Sources */ = {isa = PBXBuildFile; fileRef = DE8483C11BFBDD1700273011 /* EncodedTypes.swift */; };
		DE8483C51BFBDE4300273011 /* Date.swift in Sources */ = {isa = PBXBuildFile; fileRef = DE8483C41BFBDE4300273011 /* Date.swift */; };
		DE8483C61BFBDE4300273011 /* Date.swift in Sources */ = {isa = PBXBuildFile; fileRef = DE8483C41BFBDE4300273011 /* Date.swift */; };
		DE8483C81BFBF3CA00273011 /* Error.swift in Sources */ = {isa = PBXBuildFile; fileRef = DE8483C71BFBF3CA00273011 /* Error.swift */; };
		DE8483C91BFBF3CA00273011 /* Error.swift in Sources */ = {isa = PBXBuildFile; fileRef = DE8483C71BFBF3CA00273011 /* Error.swift */; };
		DE8483CB1BFBF4F600273011 /* Encoder.swift in Sources */ = {isa = PBXBuildFile; fileRef = DE8483CA1BFBF4F600273011 /* Encoder.swift */; };
		DE8483CC1BFBF4F600273011 /* Encoder.swift in Sources */ = {isa = PBXBuildFile; fileRef = DE8483CA1BFBF4F600273011 /* Encoder.swift */; };
		DE8483CE1BFBF50D00273011 /* NSDataExt.swift in Sources */ = {isa = PBXBuildFile; fileRef = DE8483CD1BFBF50D00273011 /* NSDataExt.swift */; };
		DE8483CF1BFBF50D00273011 /* NSDataExt.swift in Sources */ = {isa = PBXBuildFile; fileRef = DE8483CD1BFBF50D00273011 /* NSDataExt.swift */; };
		DEB7BD281BFE903F0051C2C0 /* EitherExt.swift in Sources */ = {isa = PBXBuildFile; fileRef = DE4480231BFC440E00010200 /* EitherExt.swift */; };
		DEB7BD291BFE904E0051C2C0 /* Formatter.swift in Sources */ = {isa = PBXBuildFile; fileRef = DE4480251BFD5F6D00010200 /* Formatter.swift */; };
		DEB7BD351BFEAD020051C2C0 /* URL.swift in Sources */ = {isa = PBXBuildFile; fileRef = DEB7BD341BFEAD020051C2C0 /* URL.swift */; };
		DEB7BD361BFEAD020051C2C0 /* URL.swift in Sources */ = {isa = PBXBuildFile; fileRef = DEB7BD341BFEAD020051C2C0 /* URL.swift */; };
		DEB7BD451BFEAE480051C2C0 /* TyroSpec.swift in Sources */ = {isa = PBXBuildFile; fileRef = DE4480271BFD779200010200 /* TyroSpec.swift */; };
		DEB7BD461BFEAE480051C2C0 /* JSONDataSpec.swift in Sources */ = {isa = PBXBuildFile; fileRef = DEB7BD261BFE77210051C2C0 /* JSONDataSpec.swift */; };
		DEB7BD471BFEAE480051C2C0 /* UserExample.swift in Sources */ = {isa = PBXBuildFile; fileRef = DE702D001BFB21250017CEE8 /* UserExample.swift */; };
		DEB7BD481BFEAE480051C2C0 /* UserSpec.swift in Sources */ = {isa = PBXBuildFile; fileRef = DEB7BD2C1BFE9C850051C2C0 /* UserSpec.swift */; };
		DEB7BD491BFEAE480051C2C0 /* TypesSpec.swift in Sources */ = {isa = PBXBuildFile; fileRef = DEB7BD321BFEA5060051C2C0 /* TypesSpec.swift */; };
		DEB7BD4A1BFEAE480051C2C0 /* DateSpec.swift in Sources */ = {isa = PBXBuildFile; fileRef = DEB7BD371BFEAE090051C2C0 /* DateSpec.swift */; };
		DEB7BD4C1BFEAE7B0051C2C0 /* EnumSpec.swift in Sources */ = {isa = PBXBuildFile; fileRef = DEB7BD4B1BFEAE7B0051C2C0 /* EnumSpec.swift */; };
		DEB7BD4F1BFEAE930051C2C0 /* URLSpec.swift in Sources */ = {isa = PBXBuildFile; fileRef = DEB7BD4E1BFEAE930051C2C0 /* URLSpec.swift */; };
		DEB7BD551BFEB9A00051C2C0 /* EncoderSpec.swift in Sources */ = {isa = PBXBuildFile; fileRef = DEB7BD541BFEB9A00051C2C0 /* EncoderSpec.swift */; };
		DEB7BD571BFEB9A80051C2C0 /* DecoderSpec.swift in Sources */ = {isa = PBXBuildFile; fileRef = DEB7BD561BFEB9A80051C2C0 /* DecoderSpec.swift */; };
		DEB7BD591BFED3F30051C2C0 /* OperatorsSpec.swift in Sources */ = {isa = PBXBuildFile; fileRef = DEB7BD581BFED3F30051C2C0 /* OperatorsSpec.swift */; };
		DEB7BD5B1BFED42E0051C2C0 /* KeypathSpec.swift in Sources */ = {isa = PBXBuildFile; fileRef = DEB7BD5A1BFED42E0051C2C0 /* KeypathSpec.swift */; };
		DEB7BD5D1BFEE6500051C2C0 /* DecimalNumber.swift in Sources */ = {isa = PBXBuildFile; fileRef = DEB7BD5C1BFEE6500051C2C0 /* DecimalNumber.swift */; };
		DEB7BD5E1BFEE6500051C2C0 /* DecimalNumber.swift in Sources */ = {isa = PBXBuildFile; fileRef = DEB7BD5C1BFEE6500051C2C0 /* DecimalNumber.swift */; };
		DEB7BD601BFEE7C80051C2C0 /* DecimalNumberSpec.swift in Sources */ = {isa = PBXBuildFile; fileRef = DEB7BD5F1BFEE7C80051C2C0 /* DecimalNumberSpec.swift */; };
		DEC686F31C026B0D0057B393 /* Swiftz.framework in Frameworks */ = {isa = PBXBuildFile; fileRef = DEE480941C004AB800517CF5 /* Swiftz.framework */; };
		DEC6872C1C026E1E0057B393 /* SwiftCheck.framework in Frameworks */ = {isa = PBXBuildFile; fileRef = 826B84871C017BD900E2F01C /* SwiftCheck.framework */; };
		DEC6872F1C026E530057B393 /* SwiftCheck.framework in Frameworks */ = {isa = PBXBuildFile; fileRef = 826B84871C017BD900E2F01C /* SwiftCheck.framework */; };
		DEC687311C026E570057B393 /* SwiftCheck.framework in CopyFiles */ = {isa = PBXBuildFile; fileRef = 826B848B1C017BD900E2F01C /* SwiftCheck.framework */; settings = {ATTRIBUTES = (CodeSignOnCopy, RemoveHeadersOnCopy, ); }; };
		DEE4807E1C0047F000517CF5 /* UserExample.swift in Sources */ = {isa = PBXBuildFile; fileRef = DE702D001BFB21250017CEE8 /* UserExample.swift */; };
		DEE4807F1C0047F000517CF5 /* DecoderSpec.swift in Sources */ = {isa = PBXBuildFile; fileRef = DEB7BD561BFEB9A80051C2C0 /* DecoderSpec.swift */; };
		DEE480801C0047F000517CF5 /* EncoderSpec.swift in Sources */ = {isa = PBXBuildFile; fileRef = DEB7BD541BFEB9A00051C2C0 /* EncoderSpec.swift */; };
		DEE480811C0047F000517CF5 /* TyroSpec.swift in Sources */ = {isa = PBXBuildFile; fileRef = DE4480271BFD779200010200 /* TyroSpec.swift */; };
		DEE480821C0047F000517CF5 /* JSONDataSpec.swift in Sources */ = {isa = PBXBuildFile; fileRef = DEB7BD261BFE77210051C2C0 /* JSONDataSpec.swift */; };
		DEE480831C0047F000517CF5 /* UserSpec.swift in Sources */ = {isa = PBXBuildFile; fileRef = DEB7BD2C1BFE9C850051C2C0 /* UserSpec.swift */; };
		DEE480841C0047F000517CF5 /* TypesSpec.swift in Sources */ = {isa = PBXBuildFile; fileRef = DEB7BD321BFEA5060051C2C0 /* TypesSpec.swift */; };
		DEE480851C0047F000517CF5 /* DateSpec.swift in Sources */ = {isa = PBXBuildFile; fileRef = DEB7BD371BFEAE090051C2C0 /* DateSpec.swift */; };
		DEE480861C0047F000517CF5 /* EnumSpec.swift in Sources */ = {isa = PBXBuildFile; fileRef = DEB7BD4B1BFEAE7B0051C2C0 /* EnumSpec.swift */; };
		DEE480871C0047F000517CF5 /* URLSpec.swift in Sources */ = {isa = PBXBuildFile; fileRef = DEB7BD4E1BFEAE930051C2C0 /* URLSpec.swift */; };
		DEE480881C0047F000517CF5 /* OperatorsSpec.swift in Sources */ = {isa = PBXBuildFile; fileRef = DEB7BD581BFED3F30051C2C0 /* OperatorsSpec.swift */; };
		DEE480891C0047F000517CF5 /* KeypathSpec.swift in Sources */ = {isa = PBXBuildFile; fileRef = DEB7BD5A1BFED42E0051C2C0 /* KeypathSpec.swift */; };
		DEE4808A1C0047F000517CF5 /* DecimalNumberSpec.swift in Sources */ = {isa = PBXBuildFile; fileRef = DEB7BD5F1BFEE7C80051C2C0 /* DecimalNumberSpec.swift */; };
		DEE4809B1C004AD200517CF5 /* Swiftz.framework in Frameworks */ = {isa = PBXBuildFile; fileRef = DEE480941C004AB800517CF5 /* Swiftz.framework */; };
		DEE4809C1C004AE100517CF5 /* Swiftz.framework in Frameworks */ = {isa = PBXBuildFile; fileRef = DEE480941C004AB800517CF5 /* Swiftz.framework */; };
/* End PBXBuildFile section */

/* Begin PBXContainerItemProxy section */
		8237397D1CC99B1500CBAF3C /* PBXContainerItemProxy */ = {
			isa = PBXContainerItemProxy;
			containerPortal = DE702CC71BFAC6820017CEE8 /* Project object */;
			proxyType = 1;
			remoteGlobalIDString = 823739711CC99B1400CBAF3C;
			remoteInfo = "Tyro-tvOS";
		};
		823739AA1CC99B5A00CBAF3C /* PBXContainerItemProxy */ = {
			isa = PBXContainerItemProxy;
			containerPortal = DEE4808B1C004AB800517CF5 /* Swiftz.xcodeproj */;
			proxyType = 1;
			remoteGlobalIDString = 8240CD1B1C3A395F00EF4D29;
			remoteInfo = "Swiftz-tvOS";
		};
		823739AC1CC99B7D00CBAF3C /* PBXContainerItemProxy */ = {
			isa = PBXContainerItemProxy;
			containerPortal = 826B847F1C017BD900E2F01C /* SwiftCheck.xcodeproj */;
			proxyType = 1;
			remoteGlobalIDString = 8240CCB01C3A123600EF4D29;
			remoteInfo = "SwiftCheck-tvOS";
		};
		826B84861C017BD900E2F01C /* PBXContainerItemProxy */ = {
			isa = PBXContainerItemProxy;
			containerPortal = 826B847F1C017BD900E2F01C /* SwiftCheck.xcodeproj */;
			proxyType = 2;
			remoteGlobalIDString = 844FCC8D198B320500EB242A;
			remoteInfo = SwiftCheck;
		};
		826B84881C017BD900E2F01C /* PBXContainerItemProxy */ = {
			isa = PBXContainerItemProxy;
			containerPortal = 826B847F1C017BD900E2F01C /* SwiftCheck.xcodeproj */;
			proxyType = 2;
			remoteGlobalIDString = 844FCC98198B320500EB242A;
			remoteInfo = SwiftCheckTests;
		};
		826B848A1C017BD900E2F01C /* PBXContainerItemProxy */ = {
			isa = PBXContainerItemProxy;
			containerPortal = 826B847F1C017BD900E2F01C /* SwiftCheck.xcodeproj */;
			proxyType = 2;
			remoteGlobalIDString = 84DF75F81B0BD54600C912B0;
			remoteInfo = "SwiftCheck-iOS";
		};
		826B848C1C017BD900E2F01C /* PBXContainerItemProxy */ = {
			isa = PBXContainerItemProxy;
			containerPortal = 826B847F1C017BD900E2F01C /* SwiftCheck.xcodeproj */;
			proxyType = 2;
			remoteGlobalIDString = 84DF76021B0BD54600C912B0;
			remoteInfo = "SwiftCheck-iOSTests";
		};
		8A5621B51CC8FA5400B956F4 /* PBXContainerItemProxy */ = {
			isa = PBXContainerItemProxy;
			containerPortal = DEE4808B1C004AB800517CF5 /* Swiftz.xcodeproj */;
			proxyType = 1;
			remoteGlobalIDString = 8240CDD71C3A41F000EF4D29;
			remoteInfo = "Swiftz-watchOS";
		};
		DE702CDC1BFAC6830017CEE8 /* PBXContainerItemProxy */ = {
			isa = PBXContainerItemProxy;
			containerPortal = DE702CC71BFAC6820017CEE8 /* Project object */;
			proxyType = 1;
			remoteGlobalIDString = DE702CCF1BFAC6830017CEE8;
			remoteInfo = Tyro;
		};
		DE702D1A1BFB28E30017CEE8 /* PBXContainerItemProxy */ = {
			isa = PBXContainerItemProxy;
			containerPortal = DE702CC71BFAC6820017CEE8 /* Project object */;
			proxyType = 1;
			remoteGlobalIDString = DE702D0E1BFB28E20017CEE8;
			remoteInfo = Tyro;
		};
		DEC6871D1C026C190057B393 /* PBXContainerItemProxy */ = {
			isa = PBXContainerItemProxy;
			containerPortal = DEC687161C026C190057B393 /* SwiftCheck.xcodeproj */;
			proxyType = 2;
			remoteGlobalIDString = 844FCC8D198B320500EB242A;
			remoteInfo = SwiftCheck;
		};
		DEC6871F1C026C190057B393 /* PBXContainerItemProxy */ = {
			isa = PBXContainerItemProxy;
			containerPortal = DEC687161C026C190057B393 /* SwiftCheck.xcodeproj */;
			proxyType = 2;
			remoteGlobalIDString = 844FCC98198B320500EB242A;
			remoteInfo = SwiftCheckTests;
		};
		DEC687211C026C190057B393 /* PBXContainerItemProxy */ = {
			isa = PBXContainerItemProxy;
			containerPortal = DEC687161C026C190057B393 /* SwiftCheck.xcodeproj */;
			proxyType = 2;
			remoteGlobalIDString = 84DF75F81B0BD54600C912B0;
			remoteInfo = "SwiftCheck-iOS";
		};
		DEC687231C026C190057B393 /* PBXContainerItemProxy */ = {
			isa = PBXContainerItemProxy;
			containerPortal = DEC687161C026C190057B393 /* SwiftCheck.xcodeproj */;
			proxyType = 2;
			remoteGlobalIDString = 84DF76021B0BD54600C912B0;
			remoteInfo = "SwiftCheck-iOSTests";
		};
		DEC6872A1C026E150057B393 /* PBXContainerItemProxy */ = {
			isa = PBXContainerItemProxy;
			containerPortal = 826B847F1C017BD900E2F01C /* SwiftCheck.xcodeproj */;
			proxyType = 1;
			remoteGlobalIDString = 844FCC8C198B320500EB242A;
			remoteInfo = SwiftCheck;
		};
		DEC6872D1C026E2B0057B393 /* PBXContainerItemProxy */ = {
			isa = PBXContainerItemProxy;
			containerPortal = 826B847F1C017BD900E2F01C /* SwiftCheck.xcodeproj */;
			proxyType = 1;
			remoteGlobalIDString = 84DF75F71B0BD54600C912B0;
			remoteInfo = "SwiftCheck-iOS";
		};
		DED31DF81C08F93600BA1855 /* PBXContainerItemProxy */ = {
			isa = PBXContainerItemProxy;
			containerPortal = DEE4808B1C004AB800517CF5 /* Swiftz.xcodeproj */;
			proxyType = 1;
			remoteGlobalIDString = 84A88F971A71DF7F003D53CF;
			remoteInfo = Swiftz;
		};
		DED31DFA1C08F95000BA1855 /* PBXContainerItemProxy */ = {
			isa = PBXContainerItemProxy;
			containerPortal = DEE4808B1C004AB800517CF5 /* Swiftz.xcodeproj */;
			proxyType = 1;
			remoteGlobalIDString = 84DF751D1B0BD17700C912B0;
			remoteInfo = "Swiftz-iOS";
		};
		DEDC9CA61CA37D15004B6289 /* PBXContainerItemProxy */ = {
			isa = PBXContainerItemProxy;
			containerPortal = 826B847F1C017BD900E2F01C /* SwiftCheck.xcodeproj */;
			proxyType = 2;
			remoteGlobalIDString = 8240CCB11C3A123600EF4D29;
			remoteInfo = "SwiftCheck-tvOS";
		};
		DEDC9CA81CA37D15004B6289 /* PBXContainerItemProxy */ = {
			isa = PBXContainerItemProxy;
			containerPortal = 826B847F1C017BD900E2F01C /* SwiftCheck.xcodeproj */;
			proxyType = 2;
			remoteGlobalIDString = 8240CCBA1C3A123700EF4D29;
			remoteInfo = "SwiftCheck-tvOSTests";
		};
		DEDC9CB01CA37D15004B6289 /* PBXContainerItemProxy */ = {
			isa = PBXContainerItemProxy;
			containerPortal = DEC687161C026C190057B393 /* SwiftCheck.xcodeproj */;
			proxyType = 2;
			remoteGlobalIDString = 8240CCB11C3A123600EF4D29;
			remoteInfo = "SwiftCheck-tvOS";
		};
		DEDC9CB21CA37D15004B6289 /* PBXContainerItemProxy */ = {
			isa = PBXContainerItemProxy;
			containerPortal = DEC687161C026C190057B393 /* SwiftCheck.xcodeproj */;
			proxyType = 2;
			remoteGlobalIDString = 8240CCBA1C3A123700EF4D29;
			remoteInfo = "SwiftCheck-tvOSTests";
		};
		DEDC9CB91CA37D15004B6289 /* PBXContainerItemProxy */ = {
			isa = PBXContainerItemProxy;
			containerPortal = DEE4808B1C004AB800517CF5 /* Swiftz.xcodeproj */;
			proxyType = 2;
			remoteGlobalIDString = 8240CD1C1C3A395F00EF4D29;
			remoteInfo = "Swiftz-tvOS";
		};
		DEDC9CBB1CA37D15004B6289 /* PBXContainerItemProxy */ = {
			isa = PBXContainerItemProxy;
			containerPortal = DEE4808B1C004AB800517CF5 /* Swiftz.xcodeproj */;
			proxyType = 2;
			remoteGlobalIDString = 8240CD251C3A396000EF4D29;
			remoteInfo = "Swiftz-tvOSTests";
		};
		DEDC9CBD1CA37D15004B6289 /* PBXContainerItemProxy */ = {
			isa = PBXContainerItemProxy;
			containerPortal = DEE4808B1C004AB800517CF5 /* Swiftz.xcodeproj */;
			proxyType = 2;
			remoteGlobalIDString = 8240CDD81C3A41F000EF4D29;
			remoteInfo = "Swiftz-watchOS";
		};
		DEE480931C004AB800517CF5 /* PBXContainerItemProxy */ = {
			isa = PBXContainerItemProxy;
			containerPortal = DEE4808B1C004AB800517CF5 /* Swiftz.xcodeproj */;
			proxyType = 2;
			remoteGlobalIDString = 84A88F981A71DF7F003D53CF;
			remoteInfo = Swiftz;
		};
		DEE480951C004AB800517CF5 /* PBXContainerItemProxy */ = {
			isa = PBXContainerItemProxy;
			containerPortal = DEE4808B1C004AB800517CF5 /* Swiftz.xcodeproj */;
			proxyType = 2;
			remoteGlobalIDString = 84A88FA31A71DF7F003D53CF;
			remoteInfo = SwiftzTests;
		};
		DEE480971C004AB800517CF5 /* PBXContainerItemProxy */ = {
			isa = PBXContainerItemProxy;
			containerPortal = DEE4808B1C004AB800517CF5 /* Swiftz.xcodeproj */;
			proxyType = 2;
			remoteGlobalIDString = 84DF751E1B0BD17700C912B0;
			remoteInfo = "Swiftz-iOS";
		};
		DEE480991C004AB800517CF5 /* PBXContainerItemProxy */ = {
			isa = PBXContainerItemProxy;
			containerPortal = DEE4808B1C004AB800517CF5 /* Swiftz.xcodeproj */;
			proxyType = 2;
			remoteGlobalIDString = 84DF75281B0BD17700C912B0;
			remoteInfo = "Swiftz-iOSTests";
		};
/* End PBXContainerItemProxy section */

/* Begin PBXCopyFilesBuildPhase section */
		826B84951C017C7900E2F01C /* CopyFiles */ = {
			isa = PBXCopyFilesBuildPhase;
			buildActionMask = 2147483647;
			dstPath = "";
			dstSubfolderSpec = 10;
			files = (
				DEC687311C026E570057B393 /* SwiftCheck.framework in CopyFiles */,
			);
			runOnlyForDeploymentPostprocessing = 0;
		};
/* End PBXCopyFilesBuildPhase section */

/* Begin PBXFileReference section */
		823739721CC99B1400CBAF3C /* Tyro.framework */ = {isa = PBXFileReference; explicitFileType = wrapper.framework; includeInIndex = 0; path = Tyro.framework; sourceTree = BUILT_PRODUCTS_DIR; };
		8237397B1CC99B1500CBAF3C /* Tyro-tvOSTests.xctest */ = {isa = PBXFileReference; explicitFileType = wrapper.cfbundle; includeInIndex = 0; path = "Tyro-tvOSTests.xctest"; sourceTree = BUILT_PRODUCTS_DIR; };
		826B84781C017B8900E2F01C /* JSONValueSpec.swift */ = {isa = PBXFileReference; fileEncoding = 4; lastKnownFileType = sourcecode.swift; path = JSONValueSpec.swift; sourceTree = "<group>"; };
		826B847F1C017BD900E2F01C /* SwiftCheck.xcodeproj */ = {isa = PBXFileReference; lastKnownFileType = "wrapper.pb-project"; name = SwiftCheck.xcodeproj; path = Carthage/Checkouts/SwiftCheck/SwiftCheck.xcodeproj; sourceTree = SOURCE_ROOT; };
		8A5621AC1CC8F9B300B956F4 /* Tyro.framework */ = {isa = PBXFileReference; explicitFileType = wrapper.framework; includeInIndex = 0; path = Tyro.framework; sourceTree = BUILT_PRODUCTS_DIR; };
		DE4480231BFC440E00010200 /* EitherExt.swift */ = {isa = PBXFileReference; fileEncoding = 4; lastKnownFileType = sourcecode.swift; path = EitherExt.swift; sourceTree = "<group>"; };
		DE4480251BFD5F6D00010200 /* Formatter.swift */ = {isa = PBXFileReference; fileEncoding = 4; lastKnownFileType = sourcecode.swift; path = Formatter.swift; sourceTree = "<group>"; };
		DE4480271BFD779200010200 /* TyroSpec.swift */ = {isa = PBXFileReference; fileEncoding = 4; lastKnownFileType = sourcecode.swift; path = TyroSpec.swift; sourceTree = "<group>"; };
		DE4480591BFD7BB600010200 /* json-data */ = {isa = PBXFileReference; lastKnownFileType = folder; path = "json-data"; sourceTree = "<group>"; };
		DE702CD01BFAC6830017CEE8 /* Tyro.framework */ = {isa = PBXFileReference; explicitFileType = wrapper.framework; includeInIndex = 0; path = Tyro.framework; sourceTree = BUILT_PRODUCTS_DIR; };
		DE702CDA1BFAC6830017CEE8 /* Tyro-iOSTests.xctest */ = {isa = PBXFileReference; explicitFileType = wrapper.cfbundle; includeInIndex = 0; path = "Tyro-iOSTests.xctest"; sourceTree = BUILT_PRODUCTS_DIR; };
		DE702CEA1BFAC7750017CEE8 /* JSON.swift */ = {isa = PBXFileReference; fileEncoding = 4; lastKnownFileType = sourcecode.swift; path = JSON.swift; sourceTree = "<group>"; };
		DE702CEC1BFAC79C0017CEE8 /* JSONKeypath.swift */ = {isa = PBXFileReference; fileEncoding = 4; lastKnownFileType = sourcecode.swift; path = JSONKeypath.swift; sourceTree = "<group>"; };
		DE702D001BFB21250017CEE8 /* UserExample.swift */ = {isa = PBXFileReference; fileEncoding = 4; lastKnownFileType = sourcecode.swift; path = UserExample.swift; sourceTree = "<group>"; };
		DE702D0F1BFB28E20017CEE8 /* Tyro.framework */ = {isa = PBXFileReference; explicitFileType = wrapper.framework; includeInIndex = 0; path = Tyro.framework; sourceTree = BUILT_PRODUCTS_DIR; };
		DE702D181BFB28E30017CEE8 /* TyroTests.xctest */ = {isa = PBXFileReference; explicitFileType = wrapper.cfbundle; includeInIndex = 0; path = TyroTests.xctest; sourceTree = BUILT_PRODUCTS_DIR; };
		DE702D261BFB2A0B0017CEE8 /* Info.plist */ = {isa = PBXFileReference; fileEncoding = 4; lastKnownFileType = text.plist.xml; path = Info.plist; sourceTree = "<group>"; };
		DE702D281BFB2A1C0017CEE8 /* Info.plist */ = {isa = PBXFileReference; fileEncoding = 4; lastKnownFileType = text.plist.xml; path = Info.plist; sourceTree = "<group>"; };
		DE8483B21BFBD87800273011 /* Decoder.swift */ = {isa = PBXFileReference; fileEncoding = 4; lastKnownFileType = sourcecode.swift; path = Decoder.swift; sourceTree = "<group>"; };
		DE8483B41BFBD8B000273011 /* JSONValue.swift */ = {isa = PBXFileReference; fileEncoding = 4; lastKnownFileType = sourcecode.swift; path = JSONValue.swift; sourceTree = "<group>"; };
		DE8483B81BFBDC3600273011 /* JSONOperators.swift */ = {isa = PBXFileReference; fileEncoding = 4; lastKnownFileType = sourcecode.swift; path = JSONOperators.swift; sourceTree = "<group>"; };
		DE8483BB1BFBDC5000273011 /* Instances.swift */ = {isa = PBXFileReference; fileEncoding = 4; lastKnownFileType = sourcecode.swift; path = Instances.swift; sourceTree = "<group>"; };
		DE8483BE1BFBDCED00273011 /* Enum.swift */ = {isa = PBXFileReference; fileEncoding = 4; lastKnownFileType = sourcecode.swift; path = Enum.swift; sourceTree = "<group>"; };
		DE8483C11BFBDD1700273011 /* EncodedTypes.swift */ = {isa = PBXFileReference; fileEncoding = 4; lastKnownFileType = sourcecode.swift; path = EncodedTypes.swift; sourceTree = "<group>"; };
		DE8483C41BFBDE4300273011 /* Date.swift */ = {isa = PBXFileReference; fileEncoding = 4; lastKnownFileType = sourcecode.swift; path = Date.swift; sourceTree = "<group>"; };
		DE8483C71BFBF3CA00273011 /* Error.swift */ = {isa = PBXFileReference; fileEncoding = 4; lastKnownFileType = sourcecode.swift; path = Error.swift; sourceTree = "<group>"; };
		DE8483CA1BFBF4F600273011 /* Encoder.swift */ = {isa = PBXFileReference; fileEncoding = 4; lastKnownFileType = sourcecode.swift; path = Encoder.swift; sourceTree = "<group>"; };
		DE8483CD1BFBF50D00273011 /* NSDataExt.swift */ = {isa = PBXFileReference; fileEncoding = 4; lastKnownFileType = sourcecode.swift; path = NSDataExt.swift; sourceTree = "<group>"; };
		DEB7BD261BFE77210051C2C0 /* JSONDataSpec.swift */ = {isa = PBXFileReference; fileEncoding = 4; lastKnownFileType = sourcecode.swift; path = JSONDataSpec.swift; sourceTree = "<group>"; };
		DEB7BD2C1BFE9C850051C2C0 /* UserSpec.swift */ = {isa = PBXFileReference; fileEncoding = 4; lastKnownFileType = sourcecode.swift; path = UserSpec.swift; sourceTree = "<group>"; };
		DEB7BD2E1BFE9E1B0051C2C0 /* Cartfile */ = {isa = PBXFileReference; lastKnownFileType = text; path = Cartfile; sourceTree = "<group>"; };
		DEB7BD2F1BFE9E1B0051C2C0 /* Cartfile.private */ = {isa = PBXFileReference; lastKnownFileType = text; path = Cartfile.private; sourceTree = "<group>"; };
		DEB7BD301BFE9E1B0051C2C0 /* LICENSE */ = {isa = PBXFileReference; lastKnownFileType = text; path = LICENSE; sourceTree = "<group>"; };
		DEB7BD311BFE9E1B0051C2C0 /* README.md */ = {isa = PBXFileReference; lastKnownFileType = net.daringfireball.markdown; path = README.md; sourceTree = "<group>"; };
		DEB7BD321BFEA5060051C2C0 /* TypesSpec.swift */ = {isa = PBXFileReference; fileEncoding = 4; lastKnownFileType = sourcecode.swift; path = TypesSpec.swift; sourceTree = "<group>"; };
		DEB7BD341BFEAD020051C2C0 /* URL.swift */ = {isa = PBXFileReference; fileEncoding = 4; lastKnownFileType = sourcecode.swift; path = URL.swift; sourceTree = "<group>"; };
		DEB7BD371BFEAE090051C2C0 /* DateSpec.swift */ = {isa = PBXFileReference; fileEncoding = 4; lastKnownFileType = sourcecode.swift; path = DateSpec.swift; sourceTree = "<group>"; };
		DEB7BD4B1BFEAE7B0051C2C0 /* EnumSpec.swift */ = {isa = PBXFileReference; fileEncoding = 4; lastKnownFileType = sourcecode.swift; path = EnumSpec.swift; sourceTree = "<group>"; };
		DEB7BD4E1BFEAE930051C2C0 /* URLSpec.swift */ = {isa = PBXFileReference; fileEncoding = 4; lastKnownFileType = sourcecode.swift; path = URLSpec.swift; sourceTree = "<group>"; };
		DEB7BD541BFEB9A00051C2C0 /* EncoderSpec.swift */ = {isa = PBXFileReference; fileEncoding = 4; lastKnownFileType = sourcecode.swift; path = EncoderSpec.swift; sourceTree = "<group>"; };
		DEB7BD561BFEB9A80051C2C0 /* DecoderSpec.swift */ = {isa = PBXFileReference; fileEncoding = 4; lastKnownFileType = sourcecode.swift; path = DecoderSpec.swift; sourceTree = "<group>"; };
		DEB7BD581BFED3F30051C2C0 /* OperatorsSpec.swift */ = {isa = PBXFileReference; fileEncoding = 4; lastKnownFileType = sourcecode.swift; path = OperatorsSpec.swift; sourceTree = "<group>"; };
		DEB7BD5A1BFED42E0051C2C0 /* KeypathSpec.swift */ = {isa = PBXFileReference; fileEncoding = 4; lastKnownFileType = sourcecode.swift; path = KeypathSpec.swift; sourceTree = "<group>"; };
		DEB7BD5C1BFEE6500051C2C0 /* DecimalNumber.swift */ = {isa = PBXFileReference; fileEncoding = 4; lastKnownFileType = sourcecode.swift; path = DecimalNumber.swift; sourceTree = "<group>"; };
		DEB7BD5F1BFEE7C80051C2C0 /* DecimalNumberSpec.swift */ = {isa = PBXFileReference; fileEncoding = 4; lastKnownFileType = sourcecode.swift; path = DecimalNumberSpec.swift; sourceTree = "<group>"; };
		DEC687161C026C190057B393 /* SwiftCheck.xcodeproj */ = {isa = PBXFileReference; lastKnownFileType = "wrapper.pb-project"; name = SwiftCheck.xcodeproj; path = Carthage/Checkouts/SwiftCheck/SwiftCheck.xcodeproj; sourceTree = "<group>"; };
		DEE4808B1C004AB800517CF5 /* Swiftz.xcodeproj */ = {isa = PBXFileReference; lastKnownFileType = "wrapper.pb-project"; name = Swiftz.xcodeproj; path = Carthage/Checkouts/Swiftz/Swiftz.xcodeproj; sourceTree = "<group>"; };
/* End PBXFileReference section */

/* Begin PBXFrameworksBuildPhase section */
		8237396E1CC99B1400CBAF3C /* Frameworks */ = {
			isa = PBXFrameworksBuildPhase;
			buildActionMask = 2147483647;
			files = (
				823739971CC99B3900CBAF3C /* Swiftz.framework in Frameworks */,
			);
			runOnlyForDeploymentPostprocessing = 0;
		};
		823739781CC99B1500CBAF3C /* Frameworks */ = {
			isa = PBXFrameworksBuildPhase;
			buildActionMask = 2147483647;
			files = (
				823739C11CC99BD900CBAF3C /* SwiftCheck.framework in Frameworks */,
				823739BE1CC99BC900CBAF3C /* Swiftz.framework in Frameworks */,
				8237397C1CC99B1500CBAF3C /* Tyro.framework in Frameworks */,
			);
			runOnlyForDeploymentPostprocessing = 0;
		};
		8A5621A81CC8F9B300B956F4 /* Frameworks */ = {
			isa = PBXFrameworksBuildPhase;
			buildActionMask = 2147483647;
			files = (
				8A5621B71CC8FA5F00B956F4 /* Swiftz.framework in Frameworks */,
			);
			runOnlyForDeploymentPostprocessing = 0;
		};
		DE702CCC1BFAC6830017CEE8 /* Frameworks */ = {
			isa = PBXFrameworksBuildPhase;
			buildActionMask = 2147483647;
			files = (
				DEE4809C1C004AE100517CF5 /* Swiftz.framework in Frameworks */,
			);
			runOnlyForDeploymentPostprocessing = 0;
		};
		DE702CD71BFAC6830017CEE8 /* Frameworks */ = {
			isa = PBXFrameworksBuildPhase;
			buildActionMask = 2147483647;
			files = (
				823739BD1CC99BB800CBAF3C /* Swiftz.framework in Frameworks */,
				DE702D061BFB248E0017CEE8 /* Tyro.framework in Frameworks */,
				DEC6872F1C026E530057B393 /* SwiftCheck.framework in Frameworks */,
			);
			runOnlyForDeploymentPostprocessing = 0;
		};
		DE702D0B1BFB28E20017CEE8 /* Frameworks */ = {
			isa = PBXFrameworksBuildPhase;
			buildActionMask = 2147483647;
			files = (
				DEE4809B1C004AD200517CF5 /* Swiftz.framework in Frameworks */,
			);
			runOnlyForDeploymentPostprocessing = 0;
		};
		DE702D151BFB28E30017CEE8 /* Frameworks */ = {
			isa = PBXFrameworksBuildPhase;
			buildActionMask = 2147483647;
			files = (
				DEC6872C1C026E1E0057B393 /* SwiftCheck.framework in Frameworks */,
				DEC686F31C026B0D0057B393 /* Swiftz.framework in Frameworks */,
				DE702D191BFB28E30017CEE8 /* Tyro.framework in Frameworks */,
			);
			runOnlyForDeploymentPostprocessing = 0;
		};
/* End PBXFrameworksBuildPhase section */

/* Begin PBXGroup section */
		826B84801C017BD900E2F01C /* Products */ = {
			isa = PBXGroup;
			children = (
				826B84871C017BD900E2F01C /* SwiftCheck.framework */,
				826B84891C017BD900E2F01C /* SwiftCheckTests.xctest */,
				826B848B1C017BD900E2F01C /* SwiftCheck.framework */,
				826B848D1C017BD900E2F01C /* SwiftCheck-iOSTests.xctest */,
				DEDC9CA71CA37D15004B6289 /* SwiftCheck.framework */,
				DEDC9CA91CA37D15004B6289 /* SwiftCheck-tvOSTests.xctest */,
			);
			name = Products;
			sourceTree = "<group>";
		};
		DE702CC61BFAC6820017CEE8 = {
			isa = PBXGroup;
			children = (
				DEB7BD2E1BFE9E1B0051C2C0 /* Cartfile */,
				DEB7BD2F1BFE9E1B0051C2C0 /* Cartfile.private */,
				DEB7BD301BFE9E1B0051C2C0 /* LICENSE */,
				DEB7BD311BFE9E1B0051C2C0 /* README.md */,
				DEC687161C026C190057B393 /* SwiftCheck.xcodeproj */,
				DEE4808B1C004AB800517CF5 /* Swiftz.xcodeproj */,
				DE702CD21BFAC6830017CEE8 /* Tyro */,
				DE702CDE1BFAC6830017CEE8 /* TyroTests */,
				DE702CD11BFAC6830017CEE8 /* Products */,
			);
			sourceTree = "<group>";
		};
		DE702CD11BFAC6830017CEE8 /* Products */ = {
			isa = PBXGroup;
			children = (
				DE702CD01BFAC6830017CEE8 /* Tyro.framework */,
				DE702CDA1BFAC6830017CEE8 /* Tyro-iOSTests.xctest */,
				DE702D0F1BFB28E20017CEE8 /* Tyro.framework */,
				DE702D181BFB28E30017CEE8 /* TyroTests.xctest */,
				8A5621AC1CC8F9B300B956F4 /* Tyro.framework */,
				823739721CC99B1400CBAF3C /* Tyro.framework */,
				8237397B1CC99B1500CBAF3C /* Tyro-tvOSTests.xctest */,
			);
			name = Products;
			sourceTree = "<group>";
		};
		DE702CD21BFAC6830017CEE8 /* Tyro */ = {
			isa = PBXGroup;
			children = (
				DE702CEE1BFB0AAB0017CEE8 /* Supporting Files */,
				DE4480231BFC440E00010200 /* EitherExt.swift */,
				DE8483CD1BFBF50D00273011 /* NSDataExt.swift */,
				DE8483B21BFBD87800273011 /* Decoder.swift */,
				DE8483CA1BFBF4F600273011 /* Encoder.swift */,
				DE702CEA1BFAC7750017CEE8 /* JSON.swift */,
				DE702CEC1BFAC79C0017CEE8 /* JSONKeypath.swift */,
				DE8483B41BFBD8B000273011 /* JSONValue.swift */,
				DE8483B81BFBDC3600273011 /* JSONOperators.swift */,
				DE8483BB1BFBDC5000273011 /* Instances.swift */,
				DE8483BE1BFBDCED00273011 /* Enum.swift */,
				DE8483C11BFBDD1700273011 /* EncodedTypes.swift */,
				DE8483C71BFBF3CA00273011 /* Error.swift */,
				DE4480251BFD5F6D00010200 /* Formatter.swift */,
				DE8483C41BFBDE4300273011 /* Date.swift */,
				DEB7BD341BFEAD020051C2C0 /* URL.swift */,
				DEB7BD5C1BFEE6500051C2C0 /* DecimalNumber.swift */,
			);
			path = Tyro;
			sourceTree = "<group>";
		};
		DE702CDE1BFAC6830017CEE8 /* TyroTests */ = {
			isa = PBXGroup;
			children = (
				826B847F1C017BD900E2F01C /* SwiftCheck.xcodeproj */,
				DE4480591BFD7BB600010200 /* json-data */,
				DE702D261BFB2A0B0017CEE8 /* Info.plist */,
				DE702D001BFB21250017CEE8 /* UserExample.swift */,
				DEB7BD561BFEB9A80051C2C0 /* DecoderSpec.swift */,
				DEB7BD541BFEB9A00051C2C0 /* EncoderSpec.swift */,
				DE4480271BFD779200010200 /* TyroSpec.swift */,
				DEB7BD261BFE77210051C2C0 /* JSONDataSpec.swift */,
				826B84781C017B8900E2F01C /* JSONValueSpec.swift */,
				DEB7BD2C1BFE9C850051C2C0 /* UserSpec.swift */,
				DEB7BD321BFEA5060051C2C0 /* TypesSpec.swift */,
				DEB7BD371BFEAE090051C2C0 /* DateSpec.swift */,
				DEB7BD4B1BFEAE7B0051C2C0 /* EnumSpec.swift */,
				DEB7BD4E1BFEAE930051C2C0 /* URLSpec.swift */,
				DEB7BD581BFED3F30051C2C0 /* OperatorsSpec.swift */,
				DEB7BD5A1BFED42E0051C2C0 /* KeypathSpec.swift */,
				DEB7BD5F1BFEE7C80051C2C0 /* DecimalNumberSpec.swift */,
			);
			path = TyroTests;
			sourceTree = "<group>";
		};
		DE702CEE1BFB0AAB0017CEE8 /* Supporting Files */ = {
			isa = PBXGroup;
			children = (
				DE702D281BFB2A1C0017CEE8 /* Info.plist */,
			);
			name = "Supporting Files";
			sourceTree = "<group>";
		};
		DEC687171C026C190057B393 /* Products */ = {
			isa = PBXGroup;
			children = (
				DEC6871E1C026C190057B393 /* SwiftCheck.framework */,
				DEC687201C026C190057B393 /* SwiftCheckTests.xctest */,
				DEC687221C026C190057B393 /* SwiftCheck.framework */,
				DEC687241C026C190057B393 /* SwiftCheck-iOSTests.xctest */,
				DEDC9CB11CA37D15004B6289 /* SwiftCheck.framework */,
				DEDC9CB31CA37D15004B6289 /* SwiftCheck-tvOSTests.xctest */,
			);
			name = Products;
			sourceTree = "<group>";
		};
		DEE4808C1C004AB800517CF5 /* Products */ = {
			isa = PBXGroup;
			children = (
				DEE480941C004AB800517CF5 /* Swiftz.framework */,
				DEE480961C004AB800517CF5 /* SwiftzTests.xctest */,
				DEE480981C004AB800517CF5 /* Swiftz.framework */,
				DEE4809A1C004AB800517CF5 /* Swiftz-iOSTests.xctest */,
				DEDC9CBA1CA37D15004B6289 /* Swiftz.framework */,
				DEDC9CBC1CA37D15004B6289 /* Swiftz-tvOSTests.xctest */,
				DEDC9CBE1CA37D15004B6289 /* Swiftz.framework */,
			);
			name = Products;
			sourceTree = "<group>";
		};
/* End PBXGroup section */

/* Begin PBXHeadersBuildPhase section */
		8237396F1CC99B1400CBAF3C /* Headers */ = {
			isa = PBXHeadersBuildPhase;
			buildActionMask = 2147483647;
			files = (
			);
			runOnlyForDeploymentPostprocessing = 0;
		};
		8A5621A91CC8F9B300B956F4 /* Headers */ = {
			isa = PBXHeadersBuildPhase;
			buildActionMask = 2147483647;
			files = (
			);
			runOnlyForDeploymentPostprocessing = 0;
		};
		DE702CCD1BFAC6830017CEE8 /* Headers */ = {
			isa = PBXHeadersBuildPhase;
			buildActionMask = 2147483647;
			files = (
			);
			runOnlyForDeploymentPostprocessing = 0;
		};
		DE702D0C1BFB28E20017CEE8 /* Headers */ = {
			isa = PBXHeadersBuildPhase;
			buildActionMask = 2147483647;
			files = (
			);
			runOnlyForDeploymentPostprocessing = 0;
		};
/* End PBXHeadersBuildPhase section */

/* Begin PBXNativeTarget section */
		823739711CC99B1400CBAF3C /* Tyro-tvOS */ = {
			isa = PBXNativeTarget;
			buildConfigurationList = 823739951CC99B1500CBAF3C /* Build configuration list for PBXNativeTarget "Tyro-tvOS" */;
			buildPhases = (
				8237396D1CC99B1400CBAF3C /* Sources */,
				8237396E1CC99B1400CBAF3C /* Frameworks */,
				8237396F1CC99B1400CBAF3C /* Headers */,
				823739701CC99B1400CBAF3C /* Resources */,
			);
			buildRules = (
			);
			dependencies = (
				823739AB1CC99B5A00CBAF3C /* PBXTargetDependency */,
			);
			name = "Tyro-tvOS";
			productName = "Tyro-tvOS";
			productReference = 823739721CC99B1400CBAF3C /* Tyro.framework */;
			productType = "com.apple.product-type.framework";
		};
		8237397A1CC99B1500CBAF3C /* Tyro-tvOSTests */ = {
			isa = PBXNativeTarget;
			buildConfigurationList = 823739961CC99B1500CBAF3C /* Build configuration list for PBXNativeTarget "Tyro-tvOSTests" */;
			buildPhases = (
				823739771CC99B1500CBAF3C /* Sources */,
				823739781CC99B1500CBAF3C /* Frameworks */,
				823739791CC99B1500CBAF3C /* Resources */,
			);
			buildRules = (
			);
			dependencies = (
				823739AD1CC99B7D00CBAF3C /* PBXTargetDependency */,
				8237397E1CC99B1500CBAF3C /* PBXTargetDependency */,
			);
			name = "Tyro-tvOSTests";
			productName = "Tyro-tvOSTests";
			productReference = 8237397B1CC99B1500CBAF3C /* Tyro-tvOSTests.xctest */;
			productType = "com.apple.product-type.bundle.unit-test";
		};
		8A5621AB1CC8F9B300B956F4 /* Tyro-watchOS */ = {
			isa = PBXNativeTarget;
			buildConfigurationList = 8A5621B11CC8F9B300B956F4 /* Build configuration list for PBXNativeTarget "Tyro-watchOS" */;
			buildPhases = (
				8A5621A71CC8F9B300B956F4 /* Sources */,
				8A5621A81CC8F9B300B956F4 /* Frameworks */,
				8A5621A91CC8F9B300B956F4 /* Headers */,
				8A5621AA1CC8F9B300B956F4 /* Resources */,
			);
			buildRules = (
			);
			dependencies = (
				8A5621B61CC8FA5400B956F4 /* PBXTargetDependency */,
			);
			name = "Tyro-watchOS";
			productName = "Tyro-watchOS";
			productReference = 8A5621AC1CC8F9B300B956F4 /* Tyro.framework */;
			productType = "com.apple.product-type.framework";
		};
		DE702CCF1BFAC6830017CEE8 /* Tyro-iOS */ = {
			isa = PBXNativeTarget;
			buildConfigurationList = DE702CE41BFAC6830017CEE8 /* Build configuration list for PBXNativeTarget "Tyro-iOS" */;
			buildPhases = (
				DE702CCB1BFAC6830017CEE8 /* Sources */,
				DE702CCC1BFAC6830017CEE8 /* Frameworks */,
				DE702CCD1BFAC6830017CEE8 /* Headers */,
				DE702CCE1BFAC6830017CEE8 /* Resources */,
			);
			buildRules = (
			);
			dependencies = (
				DED31DFB1C08F95000BA1855 /* PBXTargetDependency */,
			);
			name = "Tyro-iOS";
			productName = Tyro;
			productReference = DE702CD01BFAC6830017CEE8 /* Tyro.framework */;
			productType = "com.apple.product-type.framework";
		};
		DE702CD91BFAC6830017CEE8 /* Tyro-iOSTests */ = {
			isa = PBXNativeTarget;
			buildConfigurationList = DE702CE71BFAC6830017CEE8 /* Build configuration list for PBXNativeTarget "Tyro-iOSTests" */;
			buildPhases = (
				DE702CD61BFAC6830017CEE8 /* Sources */,
				DE702CD71BFAC6830017CEE8 /* Frameworks */,
				DE702CD81BFAC6830017CEE8 /* Resources */,
				826B84951C017C7900E2F01C /* CopyFiles */,
			);
			buildRules = (
			);
			dependencies = (
				DEC6872E1C026E2B0057B393 /* PBXTargetDependency */,
				DE702CDD1BFAC6830017CEE8 /* PBXTargetDependency */,
			);
			name = "Tyro-iOSTests";
			productName = TyroTests;
			productReference = DE702CDA1BFAC6830017CEE8 /* Tyro-iOSTests.xctest */;
			productType = "com.apple.product-type.bundle.unit-test";
		};
		DE702D0E1BFB28E20017CEE8 /* Tyro */ = {
			isa = PBXNativeTarget;
			buildConfigurationList = DE702D201BFB28E30017CEE8 /* Build configuration list for PBXNativeTarget "Tyro" */;
			buildPhases = (
				DE702D0A1BFB28E20017CEE8 /* Sources */,
				DE702D0B1BFB28E20017CEE8 /* Frameworks */,
				DE702D0C1BFB28E20017CEE8 /* Headers */,
				DE702D0D1BFB28E20017CEE8 /* Resources */,
			);
			buildRules = (
			);
			dependencies = (
				DED31DF91C08F93600BA1855 /* PBXTargetDependency */,
			);
			name = Tyro;
			productName = Tyro;
			productReference = DE702D0F1BFB28E20017CEE8 /* Tyro.framework */;
			productType = "com.apple.product-type.framework";
		};
		DE702D171BFB28E30017CEE8 /* TyroTests */ = {
			isa = PBXNativeTarget;
			buildConfigurationList = DE702D231BFB28E30017CEE8 /* Build configuration list for PBXNativeTarget "TyroTests" */;
			buildPhases = (
				DE702D141BFB28E30017CEE8 /* Sources */,
				DE702D151BFB28E30017CEE8 /* Frameworks */,
				DE702D161BFB28E30017CEE8 /* Resources */,
			);
			buildRules = (
			);
			dependencies = (
				DEC6872B1C026E150057B393 /* PBXTargetDependency */,
				DE702D1B1BFB28E30017CEE8 /* PBXTargetDependency */,
			);
			name = TyroTests;
			productName = TyroTests;
			productReference = DE702D181BFB28E30017CEE8 /* TyroTests.xctest */;
			productType = "com.apple.product-type.bundle.unit-test";
		};
/* End PBXNativeTarget section */

/* Begin PBXProject section */
		DE702CC71BFAC6820017CEE8 /* Project object */ = {
			isa = PBXProject;
			attributes = {
				LastSwiftUpdateCheck = 0730;
				LastUpgradeCheck = 0710;
				ORGANIZATIONNAME = TypeLift;
				TargetAttributes = {
					823739711CC99B1400CBAF3C = {
						CreatedOnToolsVersion = 7.3.1;
					};
					8237397A1CC99B1500CBAF3C = {
						CreatedOnToolsVersion = 7.3.1;
					};
					8A5621AB1CC8F9B300B956F4 = {
						CreatedOnToolsVersion = 7.3;
					};
					DE702CCF1BFAC6830017CEE8 = {
						CreatedOnToolsVersion = 7.1.1;
					};
					DE702CD91BFAC6830017CEE8 = {
						CreatedOnToolsVersion = 7.1.1;
					};
					DE702D0E1BFB28E20017CEE8 = {
						CreatedOnToolsVersion = 7.1.1;
						LastSwiftMigration = 0810;
					};
					DE702D171BFB28E30017CEE8 = {
						CreatedOnToolsVersion = 7.1.1;
						LastSwiftMigration = 0810;
					};
				};
			};
			buildConfigurationList = DE702CCA1BFAC6820017CEE8 /* Build configuration list for PBXProject "Tyro" */;
			compatibilityVersion = "Xcode 3.2";
			developmentRegion = English;
			hasScannedForEncodings = 0;
			knownRegions = (
				en,
			);
			mainGroup = DE702CC61BFAC6820017CEE8;
			productRefGroup = DE702CD11BFAC6830017CEE8 /* Products */;
			projectDirPath = "";
			projectReferences = (
				{
					ProductGroup = 826B84801C017BD900E2F01C /* Products */;
					ProjectRef = 826B847F1C017BD900E2F01C /* SwiftCheck.xcodeproj */;
				},
				{
					ProductGroup = DEC687171C026C190057B393 /* Products */;
					ProjectRef = DEC687161C026C190057B393 /* SwiftCheck.xcodeproj */;
				},
				{
					ProductGroup = DEE4808C1C004AB800517CF5 /* Products */;
					ProjectRef = DEE4808B1C004AB800517CF5 /* Swiftz.xcodeproj */;
				},
			);
			projectRoot = "";
			targets = (
				DE702D0E1BFB28E20017CEE8 /* Tyro */,
				DE702D171BFB28E30017CEE8 /* TyroTests */,
				DE702CCF1BFAC6830017CEE8 /* Tyro-iOS */,
				DE702CD91BFAC6830017CEE8 /* Tyro-iOSTests */,
				823739711CC99B1400CBAF3C /* Tyro-tvOS */,
				8237397A1CC99B1500CBAF3C /* Tyro-tvOSTests */,
				8A5621AB1CC8F9B300B956F4 /* Tyro-watchOS */,
			);
		};
/* End PBXProject section */

/* Begin PBXReferenceProxy section */
		826B84871C017BD900E2F01C /* SwiftCheck.framework */ = {
			isa = PBXReferenceProxy;
			fileType = wrapper.framework;
			path = SwiftCheck.framework;
			remoteRef = 826B84861C017BD900E2F01C /* PBXContainerItemProxy */;
			sourceTree = BUILT_PRODUCTS_DIR;
		};
		826B84891C017BD900E2F01C /* SwiftCheckTests.xctest */ = {
			isa = PBXReferenceProxy;
			fileType = wrapper.cfbundle;
			path = SwiftCheckTests.xctest;
			remoteRef = 826B84881C017BD900E2F01C /* PBXContainerItemProxy */;
			sourceTree = BUILT_PRODUCTS_DIR;
		};
		826B848B1C017BD900E2F01C /* SwiftCheck.framework */ = {
			isa = PBXReferenceProxy;
			fileType = wrapper.framework;
			path = SwiftCheck.framework;
			remoteRef = 826B848A1C017BD900E2F01C /* PBXContainerItemProxy */;
			sourceTree = BUILT_PRODUCTS_DIR;
		};
		826B848D1C017BD900E2F01C /* SwiftCheck-iOSTests.xctest */ = {
			isa = PBXReferenceProxy;
			fileType = wrapper.cfbundle;
			path = "SwiftCheck-iOSTests.xctest";
			remoteRef = 826B848C1C017BD900E2F01C /* PBXContainerItemProxy */;
			sourceTree = BUILT_PRODUCTS_DIR;
		};
		DEC6871E1C026C190057B393 /* SwiftCheck.framework */ = {
			isa = PBXReferenceProxy;
			fileType = wrapper.framework;
			path = SwiftCheck.framework;
			remoteRef = DEC6871D1C026C190057B393 /* PBXContainerItemProxy */;
			sourceTree = BUILT_PRODUCTS_DIR;
		};
		DEC687201C026C190057B393 /* SwiftCheckTests.xctest */ = {
			isa = PBXReferenceProxy;
			fileType = wrapper.cfbundle;
			path = SwiftCheckTests.xctest;
			remoteRef = DEC6871F1C026C190057B393 /* PBXContainerItemProxy */;
			sourceTree = BUILT_PRODUCTS_DIR;
		};
		DEC687221C026C190057B393 /* SwiftCheck.framework */ = {
			isa = PBXReferenceProxy;
			fileType = wrapper.framework;
			path = SwiftCheck.framework;
			remoteRef = DEC687211C026C190057B393 /* PBXContainerItemProxy */;
			sourceTree = BUILT_PRODUCTS_DIR;
		};
		DEC687241C026C190057B393 /* SwiftCheck-iOSTests.xctest */ = {
			isa = PBXReferenceProxy;
			fileType = wrapper.cfbundle;
			path = "SwiftCheck-iOSTests.xctest";
			remoteRef = DEC687231C026C190057B393 /* PBXContainerItemProxy */;
			sourceTree = BUILT_PRODUCTS_DIR;
		};
		DEDC9CA71CA37D15004B6289 /* SwiftCheck.framework */ = {
			isa = PBXReferenceProxy;
			fileType = wrapper.framework;
			path = SwiftCheck.framework;
			remoteRef = DEDC9CA61CA37D15004B6289 /* PBXContainerItemProxy */;
			sourceTree = BUILT_PRODUCTS_DIR;
		};
		DEDC9CA91CA37D15004B6289 /* SwiftCheck-tvOSTests.xctest */ = {
			isa = PBXReferenceProxy;
			fileType = wrapper.cfbundle;
			path = "SwiftCheck-tvOSTests.xctest";
			remoteRef = DEDC9CA81CA37D15004B6289 /* PBXContainerItemProxy */;
			sourceTree = BUILT_PRODUCTS_DIR;
		};
		DEDC9CB11CA37D15004B6289 /* SwiftCheck.framework */ = {
			isa = PBXReferenceProxy;
			fileType = wrapper.framework;
			path = SwiftCheck.framework;
			remoteRef = DEDC9CB01CA37D15004B6289 /* PBXContainerItemProxy */;
			sourceTree = BUILT_PRODUCTS_DIR;
		};
		DEDC9CB31CA37D15004B6289 /* SwiftCheck-tvOSTests.xctest */ = {
			isa = PBXReferenceProxy;
			fileType = wrapper.cfbundle;
			path = "SwiftCheck-tvOSTests.xctest";
			remoteRef = DEDC9CB21CA37D15004B6289 /* PBXContainerItemProxy */;
			sourceTree = BUILT_PRODUCTS_DIR;
		};
		DEDC9CBA1CA37D15004B6289 /* Swiftz.framework */ = {
			isa = PBXReferenceProxy;
			fileType = wrapper.framework;
			path = Swiftz.framework;
			remoteRef = DEDC9CB91CA37D15004B6289 /* PBXContainerItemProxy */;
			sourceTree = BUILT_PRODUCTS_DIR;
		};
		DEDC9CBC1CA37D15004B6289 /* Swiftz-tvOSTests.xctest */ = {
			isa = PBXReferenceProxy;
			fileType = wrapper.cfbundle;
			path = "Swiftz-tvOSTests.xctest";
			remoteRef = DEDC9CBB1CA37D15004B6289 /* PBXContainerItemProxy */;
			sourceTree = BUILT_PRODUCTS_DIR;
		};
		DEDC9CBE1CA37D15004B6289 /* Swiftz.framework */ = {
			isa = PBXReferenceProxy;
			fileType = wrapper.framework;
			path = Swiftz.framework;
			remoteRef = DEDC9CBD1CA37D15004B6289 /* PBXContainerItemProxy */;
			sourceTree = BUILT_PRODUCTS_DIR;
		};
		DEE480941C004AB800517CF5 /* Swiftz.framework */ = {
			isa = PBXReferenceProxy;
			fileType = wrapper.framework;
			path = Swiftz.framework;
			remoteRef = DEE480931C004AB800517CF5 /* PBXContainerItemProxy */;
			sourceTree = BUILT_PRODUCTS_DIR;
		};
		DEE480961C004AB800517CF5 /* SwiftzTests.xctest */ = {
			isa = PBXReferenceProxy;
			fileType = wrapper.cfbundle;
			path = SwiftzTests.xctest;
			remoteRef = DEE480951C004AB800517CF5 /* PBXContainerItemProxy */;
			sourceTree = BUILT_PRODUCTS_DIR;
		};
		DEE480981C004AB800517CF5 /* Swiftz.framework */ = {
			isa = PBXReferenceProxy;
			fileType = wrapper.framework;
			path = Swiftz.framework;
			remoteRef = DEE480971C004AB800517CF5 /* PBXContainerItemProxy */;
			sourceTree = BUILT_PRODUCTS_DIR;
		};
		DEE4809A1C004AB800517CF5 /* Swiftz-iOSTests.xctest */ = {
			isa = PBXReferenceProxy;
			fileType = wrapper.cfbundle;
			path = "Swiftz-iOSTests.xctest";
			remoteRef = DEE480991C004AB800517CF5 /* PBXContainerItemProxy */;
			sourceTree = BUILT_PRODUCTS_DIR;
		};
/* End PBXReferenceProxy section */

/* Begin PBXResourcesBuildPhase section */
		823739701CC99B1400CBAF3C /* Resources */ = {
			isa = PBXResourcesBuildPhase;
			buildActionMask = 2147483647;
			files = (
			);
			runOnlyForDeploymentPostprocessing = 0;
		};
		823739791CC99B1500CBAF3C /* Resources */ = {
			isa = PBXResourcesBuildPhase;
			buildActionMask = 2147483647;
			files = (
			);
			runOnlyForDeploymentPostprocessing = 0;
		};
		8A5621AA1CC8F9B300B956F4 /* Resources */ = {
			isa = PBXResourcesBuildPhase;
			buildActionMask = 2147483647;
			files = (
			);
			runOnlyForDeploymentPostprocessing = 0;
		};
		DE702CCE1BFAC6830017CEE8 /* Resources */ = {
			isa = PBXResourcesBuildPhase;
			buildActionMask = 2147483647;
			files = (
			);
			runOnlyForDeploymentPostprocessing = 0;
		};
		DE702CD81BFAC6830017CEE8 /* Resources */ = {
			isa = PBXResourcesBuildPhase;
			buildActionMask = 2147483647;
			files = (
				DE44805B1BFD7BB600010200 /* json-data in Resources */,
			);
			runOnlyForDeploymentPostprocessing = 0;
		};
		DE702D0D1BFB28E20017CEE8 /* Resources */ = {
			isa = PBXResourcesBuildPhase;
			buildActionMask = 2147483647;
			files = (
			);
			runOnlyForDeploymentPostprocessing = 0;
		};
		DE702D161BFB28E30017CEE8 /* Resources */ = {
			isa = PBXResourcesBuildPhase;
			buildActionMask = 2147483647;
			files = (
				DE44805A1BFD7BB600010200 /* json-data in Resources */,
			);
			runOnlyForDeploymentPostprocessing = 0;
		};
/* End PBXResourcesBuildPhase section */

/* Begin PBXSourcesBuildPhase section */
		8237396D1CC99B1400CBAF3C /* Sources */ = {
			isa = PBXSourcesBuildPhase;
			buildActionMask = 2147483647;
			files = (
				823739981CC99B4200CBAF3C /* EitherExt.swift in Sources */,
				823739991CC99B4200CBAF3C /* NSDataExt.swift in Sources */,
				8237399A1CC99B4200CBAF3C /* Decoder.swift in Sources */,
				8237399B1CC99B4200CBAF3C /* Encoder.swift in Sources */,
				8237399C1CC99B4200CBAF3C /* JSON.swift in Sources */,
				8237399D1CC99B4200CBAF3C /* JSONKeypath.swift in Sources */,
				8237399E1CC99B4300CBAF3C /* JSONValue.swift in Sources */,
				8237399F1CC99B4300CBAF3C /* JSONOperators.swift in Sources */,
				823739A01CC99B4300CBAF3C /* Instances.swift in Sources */,
				823739A11CC99B4300CBAF3C /* Enum.swift in Sources */,
				823739A21CC99B4300CBAF3C /* EncodedTypes.swift in Sources */,
				823739A31CC99B4300CBAF3C /* Error.swift in Sources */,
				823739A41CC99B4300CBAF3C /* Formatter.swift in Sources */,
				823739A51CC99B4300CBAF3C /* Date.swift in Sources */,
				823739A61CC99B4300CBAF3C /* URL.swift in Sources */,
				823739A71CC99B4300CBAF3C /* DecimalNumber.swift in Sources */,
			);
			runOnlyForDeploymentPostprocessing = 0;
		};
		823739771CC99B1500CBAF3C /* Sources */ = {
			isa = PBXSourcesBuildPhase;
			buildActionMask = 2147483647;
			files = (
				823739AE1CC99B8800CBAF3C /* UserExample.swift in Sources */,
				823739AF1CC99B8800CBAF3C /* DecoderSpec.swift in Sources */,
				823739B01CC99B8800CBAF3C /* EncoderSpec.swift in Sources */,
				823739B11CC99B8800CBAF3C /* TyroSpec.swift in Sources */,
				823739B21CC99B8800CBAF3C /* JSONDataSpec.swift in Sources */,
				823739B31CC99B8800CBAF3C /* JSONValueSpec.swift in Sources */,
				823739B41CC99B8800CBAF3C /* UserSpec.swift in Sources */,
				823739B51CC99B8800CBAF3C /* TypesSpec.swift in Sources */,
				823739B61CC99B8800CBAF3C /* DateSpec.swift in Sources */,
				823739B71CC99B8800CBAF3C /* EnumSpec.swift in Sources */,
				823739B81CC99B8800CBAF3C /* URLSpec.swift in Sources */,
				823739B91CC99B8800CBAF3C /* OperatorsSpec.swift in Sources */,
				823739BA1CC99B8800CBAF3C /* KeypathSpec.swift in Sources */,
				823739BB1CC99B8800CBAF3C /* DecimalNumberSpec.swift in Sources */,
			);
			runOnlyForDeploymentPostprocessing = 0;
		};
		8A5621A71CC8F9B300B956F4 /* Sources */ = {
			isa = PBXSourcesBuildPhase;
			buildActionMask = 2147483647;
			files = (
				8A5621BB1CC8FA6D00B956F4 /* Encoder.swift in Sources */,
				8A5621C41CC8FA6D00B956F4 /* Formatter.swift in Sources */,
				8A5621C21CC8FA6D00B956F4 /* EncodedTypes.swift in Sources */,
				8A5621BE1CC8FA6D00B956F4 /* JSONValue.swift in Sources */,
				8A5621BC1CC8FA6D00B956F4 /* JSON.swift in Sources */,
				8A5621C61CC8FA6D00B956F4 /* URL.swift in Sources */,
				8A5621C71CC8FA6D00B956F4 /* DecimalNumber.swift in Sources */,
				8A5621C31CC8FA6D00B956F4 /* Error.swift in Sources */,
				8A5621B91CC8FA6D00B956F4 /* NSDataExt.swift in Sources */,
				8A5621BA1CC8FA6D00B956F4 /* Decoder.swift in Sources */,
				8A5621C01CC8FA6D00B956F4 /* Instances.swift in Sources */,
				8A5621C51CC8FA6D00B956F4 /* Date.swift in Sources */,
				8A5621BD1CC8FA6D00B956F4 /* JSONKeypath.swift in Sources */,
				8A5621B81CC8FA6D00B956F4 /* EitherExt.swift in Sources */,
				8A5621C11CC8FA6D00B956F4 /* Enum.swift in Sources */,
				8A5621BF1CC8FA6D00B956F4 /* JSONOperators.swift in Sources */,
			);
			runOnlyForDeploymentPostprocessing = 0;
		};
		DE702CCB1BFAC6830017CEE8 /* Sources */ = {
			isa = PBXSourcesBuildPhase;
			buildActionMask = 2147483647;
			files = (
				DE702CED1BFAC79C0017CEE8 /* JSONKeypath.swift in Sources */,
				DE8483C31BFBDD1700273011 /* EncodedTypes.swift in Sources */,
				DE8483BA1BFBDC3600273011 /* JSONOperators.swift in Sources */,
				DE8483CC1BFBF4F600273011 /* Encoder.swift in Sources */,
				DE8483C91BFBF3CA00273011 /* Error.swift in Sources */,
				DEB7BD281BFE903F0051C2C0 /* EitherExt.swift in Sources */,
				DEB7BD361BFEAD020051C2C0 /* URL.swift in Sources */,
				DE8483CF1BFBF50D00273011 /* NSDataExt.swift in Sources */,
				DE8483BD1BFBDC5000273011 /* Instances.swift in Sources */,
				DE702CEB1BFAC7750017CEE8 /* JSON.swift in Sources */,
				DE8483C01BFBDCED00273011 /* Enum.swift in Sources */,
				DE8483B71BFBD8E500273011 /* JSONValue.swift in Sources */,
				DE8483C61BFBDE4300273011 /* Date.swift in Sources */,
				DEB7BD5E1BFEE6500051C2C0 /* DecimalNumber.swift in Sources */,
				DE8483B61BFBD8E500273011 /* Decoder.swift in Sources */,
				DEB7BD291BFE904E0051C2C0 /* Formatter.swift in Sources */,
			);
			runOnlyForDeploymentPostprocessing = 0;
		};
		DE702CD61BFAC6830017CEE8 /* Sources */ = {
			isa = PBXSourcesBuildPhase;
			buildActionMask = 2147483647;
			files = (
				DEE4808A1C0047F000517CF5 /* DecimalNumberSpec.swift in Sources */,
				DEE4807E1C0047F000517CF5 /* UserExample.swift in Sources */,
				826B847A1C017B8900E2F01C /* JSONValueSpec.swift in Sources */,
				DEE4807F1C0047F000517CF5 /* DecoderSpec.swift in Sources */,
				DEE480851C0047F000517CF5 /* DateSpec.swift in Sources */,
				DEE480811C0047F000517CF5 /* TyroSpec.swift in Sources */,
				DEE480821C0047F000517CF5 /* JSONDataSpec.swift in Sources */,
				DEE480841C0047F000517CF5 /* TypesSpec.swift in Sources */,
				DEE480881C0047F000517CF5 /* OperatorsSpec.swift in Sources */,
				DEE480801C0047F000517CF5 /* EncoderSpec.swift in Sources */,
				DEE480831C0047F000517CF5 /* UserSpec.swift in Sources */,
				DEE480891C0047F000517CF5 /* KeypathSpec.swift in Sources */,
				DEE480871C0047F000517CF5 /* URLSpec.swift in Sources */,
				DEE480861C0047F000517CF5 /* EnumSpec.swift in Sources */,
			);
			runOnlyForDeploymentPostprocessing = 0;
		};
		DE702D0A1BFB28E20017CEE8 /* Sources */ = {
			isa = PBXSourcesBuildPhase;
			buildActionMask = 2147483647;
			files = (
				DE702D341BFB2ADC0017CEE8 /* JSONKeypath.swift in Sources */,
				DE702D331BFB2ADC0017CEE8 /* JSON.swift in Sources */,
				DE8483C21BFBDD1700273011 /* EncodedTypes.swift in Sources */,
				DE8483B91BFBDC3600273011 /* JSONOperators.swift in Sources */,
				DE8483CB1BFBF4F600273011 /* Encoder.swift in Sources */,
				DE8483C81BFBF3CA00273011 /* Error.swift in Sources */,
				DE4480241BFC440E00010200 /* EitherExt.swift in Sources */,
				DEB7BD351BFEAD020051C2C0 /* URL.swift in Sources */,
				DE8483CE1BFBF50D00273011 /* NSDataExt.swift in Sources */,
				DE8483BC1BFBDC5000273011 /* Instances.swift in Sources */,
				DE8483BF1BFBDCED00273011 /* Enum.swift in Sources */,
				DE8483B51BFBD8B000273011 /* JSONValue.swift in Sources */,
				DE8483C51BFBDE4300273011 /* Date.swift in Sources */,
				DEB7BD5D1BFEE6500051C2C0 /* DecimalNumber.swift in Sources */,
				DE8483B31BFBD87800273011 /* Decoder.swift in Sources */,
				DE4480261BFD5F6D00010200 /* Formatter.swift in Sources */,
			);
			runOnlyForDeploymentPostprocessing = 0;
		};
		DE702D141BFB28E30017CEE8 /* Sources */ = {
			isa = PBXSourcesBuildPhase;
			buildActionMask = 2147483647;
			files = (
				DEB7BD491BFEAE480051C2C0 /* TypesSpec.swift in Sources */,
				DEB7BD4C1BFEAE7B0051C2C0 /* EnumSpec.swift in Sources */,
				826B84791C017B8900E2F01C /* JSONValueSpec.swift in Sources */,
				DEB7BD471BFEAE480051C2C0 /* UserExample.swift in Sources */,
				DEB7BD461BFEAE480051C2C0 /* JSONDataSpec.swift in Sources */,
				DEB7BD571BFEB9A80051C2C0 /* DecoderSpec.swift in Sources */,
				DEB7BD451BFEAE480051C2C0 /* TyroSpec.swift in Sources */,
				DEB7BD551BFEB9A00051C2C0 /* EncoderSpec.swift in Sources */,
				DEB7BD5B1BFED42E0051C2C0 /* KeypathSpec.swift in Sources */,
				DEB7BD4F1BFEAE930051C2C0 /* URLSpec.swift in Sources */,
				DEB7BD4A1BFEAE480051C2C0 /* DateSpec.swift in Sources */,
				DEB7BD601BFEE7C80051C2C0 /* DecimalNumberSpec.swift in Sources */,
				DEB7BD591BFED3F30051C2C0 /* OperatorsSpec.swift in Sources */,
				DEB7BD481BFEAE480051C2C0 /* UserSpec.swift in Sources */,
			);
			runOnlyForDeploymentPostprocessing = 0;
		};
/* End PBXSourcesBuildPhase section */

/* Begin PBXTargetDependency section */
		8237397E1CC99B1500CBAF3C /* PBXTargetDependency */ = {
			isa = PBXTargetDependency;
			target = 823739711CC99B1400CBAF3C /* Tyro-tvOS */;
			targetProxy = 8237397D1CC99B1500CBAF3C /* PBXContainerItemProxy */;
		};
		823739AB1CC99B5A00CBAF3C /* PBXTargetDependency */ = {
			isa = PBXTargetDependency;
			name = "Swiftz-tvOS";
			targetProxy = 823739AA1CC99B5A00CBAF3C /* PBXContainerItemProxy */;
		};
		823739AD1CC99B7D00CBAF3C /* PBXTargetDependency */ = {
			isa = PBXTargetDependency;
			name = "SwiftCheck-tvOS";
			targetProxy = 823739AC1CC99B7D00CBAF3C /* PBXContainerItemProxy */;
		};
		8A5621B61CC8FA5400B956F4 /* PBXTargetDependency */ = {
			isa = PBXTargetDependency;
			name = "Swiftz-watchOS";
			targetProxy = 8A5621B51CC8FA5400B956F4 /* PBXContainerItemProxy */;
		};
		DE702CDD1BFAC6830017CEE8 /* PBXTargetDependency */ = {
			isa = PBXTargetDependency;
			target = DE702CCF1BFAC6830017CEE8 /* Tyro-iOS */;
			targetProxy = DE702CDC1BFAC6830017CEE8 /* PBXContainerItemProxy */;
		};
		DE702D1B1BFB28E30017CEE8 /* PBXTargetDependency */ = {
			isa = PBXTargetDependency;
			target = DE702D0E1BFB28E20017CEE8 /* Tyro */;
			targetProxy = DE702D1A1BFB28E30017CEE8 /* PBXContainerItemProxy */;
		};
		DEC6872B1C026E150057B393 /* PBXTargetDependency */ = {
			isa = PBXTargetDependency;
			name = SwiftCheck;
			targetProxy = DEC6872A1C026E150057B393 /* PBXContainerItemProxy */;
		};
		DEC6872E1C026E2B0057B393 /* PBXTargetDependency */ = {
			isa = PBXTargetDependency;
			name = "SwiftCheck-iOS";
			targetProxy = DEC6872D1C026E2B0057B393 /* PBXContainerItemProxy */;
		};
		DED31DF91C08F93600BA1855 /* PBXTargetDependency */ = {
			isa = PBXTargetDependency;
			name = Swiftz;
			targetProxy = DED31DF81C08F93600BA1855 /* PBXContainerItemProxy */;
		};
		DED31DFB1C08F95000BA1855 /* PBXTargetDependency */ = {
			isa = PBXTargetDependency;
			name = "Swiftz-iOS";
			targetProxy = DED31DFA1C08F95000BA1855 /* PBXContainerItemProxy */;
		};
/* End PBXTargetDependency section */

/* Begin XCBuildConfiguration section */
		823739831CC99B1500CBAF3C /* Debug */ = {
			isa = XCBuildConfiguration;
			buildSettings = {
				CLANG_ANALYZER_NONNULL = YES;
				DEFINES_MODULE = YES;
				DYLIB_COMPATIBILITY_VERSION = 1;
				DYLIB_CURRENT_VERSION = 1;
				DYLIB_INSTALL_NAME_BASE = "@rpath";
				INFOPLIST_FILE = Tyro/Info.plist;
				INSTALL_PATH = "$(LOCAL_LIBRARY_DIR)/Frameworks";
				LD_RUNPATH_SEARCH_PATHS = "$(inherited) @executable_path/Frameworks @loader_path/Frameworks";
				PRODUCT_BUNDLE_IDENTIFIER = "com.typelift.Tyro-tvOS";
				PRODUCT_NAME = Tyro;
				SDKROOT = appletvos;
				SKIP_INSTALL = YES;
				TARGETED_DEVICE_FAMILY = 3;
				TVOS_DEPLOYMENT_TARGET = 9.2;
			};
			name = Debug;
		};
		823739841CC99B1500CBAF3C /* Release */ = {
			isa = XCBuildConfiguration;
			buildSettings = {
				CLANG_ANALYZER_NONNULL = YES;
				DEFINES_MODULE = YES;
				DYLIB_COMPATIBILITY_VERSION = 1;
				DYLIB_CURRENT_VERSION = 1;
				DYLIB_INSTALL_NAME_BASE = "@rpath";
				INFOPLIST_FILE = Tyro/Info.plist;
				INSTALL_PATH = "$(LOCAL_LIBRARY_DIR)/Frameworks";
				LD_RUNPATH_SEARCH_PATHS = "$(inherited) @executable_path/Frameworks @loader_path/Frameworks";
				PRODUCT_BUNDLE_IDENTIFIER = "com.typelift.Tyro-tvOS";
				PRODUCT_NAME = Tyro;
				SDKROOT = appletvos;
				SKIP_INSTALL = YES;
				TARGETED_DEVICE_FAMILY = 3;
				TVOS_DEPLOYMENT_TARGET = 9.2;
			};
			name = Release;
		};
		823739851CC99B1500CBAF3C /* Debug */ = {
			isa = XCBuildConfiguration;
			buildSettings = {
				CLANG_ANALYZER_NONNULL = YES;
				FRAMEWORK_SEARCH_PATHS = (
					"$(inherited)",
					"$(PROJECT_DIR)/Carthage/Checkouts/Swiftz/Carthage/Checkouts/SwiftCheck/build/Debug-appletvos",
				);
				INFOPLIST_FILE = TyroTests/Info.plist;
				LD_RUNPATH_SEARCH_PATHS = "$(inherited) @executable_path/Frameworks @loader_path/Frameworks";
				PRODUCT_BUNDLE_IDENTIFIER = "com.typelift.Tyro-tvOSTests";
				PRODUCT_NAME = "$(TARGET_NAME)";
				SDKROOT = appletvos;
				TVOS_DEPLOYMENT_TARGET = 9.2;
			};
			name = Debug;
		};
		823739861CC99B1500CBAF3C /* Release */ = {
			isa = XCBuildConfiguration;
			buildSettings = {
				CLANG_ANALYZER_NONNULL = YES;
				FRAMEWORK_SEARCH_PATHS = (
					"$(inherited)",
					"$(PROJECT_DIR)/Carthage/Checkouts/Swiftz/Carthage/Checkouts/SwiftCheck/build/Debug-appletvos",
				);
				INFOPLIST_FILE = TyroTests/Info.plist;
				LD_RUNPATH_SEARCH_PATHS = "$(inherited) @executable_path/Frameworks @loader_path/Frameworks";
				PRODUCT_BUNDLE_IDENTIFIER = "com.typelift.Tyro-tvOSTests";
				PRODUCT_NAME = "$(TARGET_NAME)";
				SDKROOT = appletvos;
				TVOS_DEPLOYMENT_TARGET = 9.2;
			};
			name = Release;
		};
		8A5621B21CC8F9B300B956F4 /* Debug */ = {
			isa = XCBuildConfiguration;
			buildSettings = {
				APPLICATION_EXTENSION_API_ONLY = YES;
				CLANG_ANALYZER_NONNULL = YES;
				DEFINES_MODULE = YES;
				DYLIB_COMPATIBILITY_VERSION = 1;
				DYLIB_CURRENT_VERSION = 1;
				DYLIB_INSTALL_NAME_BASE = "@rpath";
				INFOPLIST_FILE = Tyro/Info.plist;
				INSTALL_PATH = "$(LOCAL_LIBRARY_DIR)/Frameworks";
				LD_RUNPATH_SEARCH_PATHS = "$(inherited) @executable_path/Frameworks @loader_path/Frameworks";
				PRODUCT_BUNDLE_IDENTIFIER = com.typelift.Tyro;
				PRODUCT_NAME = Tyro;
				SDKROOT = watchos;
				SKIP_INSTALL = YES;
				TARGETED_DEVICE_FAMILY = 4;
				WATCHOS_DEPLOYMENT_TARGET = 2.2;
			};
			name = Debug;
		};
		8A5621B31CC8F9B300B956F4 /* Release */ = {
			isa = XCBuildConfiguration;
			buildSettings = {
				APPLICATION_EXTENSION_API_ONLY = YES;
				CLANG_ANALYZER_NONNULL = YES;
				DEFINES_MODULE = YES;
				DYLIB_COMPATIBILITY_VERSION = 1;
				DYLIB_CURRENT_VERSION = 1;
				DYLIB_INSTALL_NAME_BASE = "@rpath";
				INFOPLIST_FILE = Tyro/Info.plist;
				INSTALL_PATH = "$(LOCAL_LIBRARY_DIR)/Frameworks";
				LD_RUNPATH_SEARCH_PATHS = "$(inherited) @executable_path/Frameworks @loader_path/Frameworks";
				PRODUCT_BUNDLE_IDENTIFIER = com.typelift.Tyro;
				PRODUCT_NAME = Tyro;
				SDKROOT = watchos;
				SKIP_INSTALL = YES;
				TARGETED_DEVICE_FAMILY = 4;
				WATCHOS_DEPLOYMENT_TARGET = 2.2;
			};
			name = Release;
		};
		DE702CE21BFAC6830017CEE8 /* Debug */ = {
			isa = XCBuildConfiguration;
			buildSettings = {
				ALWAYS_SEARCH_USER_PATHS = NO;
				APPLICATION_EXTENSION_API_ONLY = YES;
				CLANG_CXX_LANGUAGE_STANDARD = "gnu++0x";
				CLANG_CXX_LIBRARY = "libc++";
				CLANG_ENABLE_MODULES = YES;
				CLANG_ENABLE_OBJC_ARC = YES;
				CLANG_WARN_BOOL_CONVERSION = YES;
				CLANG_WARN_CONSTANT_CONVERSION = YES;
				CLANG_WARN_DIRECT_OBJC_ISA_USAGE = YES_ERROR;
				CLANG_WARN_EMPTY_BODY = YES;
				CLANG_WARN_ENUM_CONVERSION = YES;
				CLANG_WARN_INT_CONVERSION = YES;
				CLANG_WARN_OBJC_ROOT_CLASS = YES_ERROR;
				CLANG_WARN_UNREACHABLE_CODE = YES;
				CLANG_WARN__DUPLICATE_METHOD_MATCH = YES;
				"CODE_SIGN_IDENTITY[sdk=iphoneos*]" = "iPhone Developer";
				COPY_PHASE_STRIP = NO;
				CURRENT_PROJECT_VERSION = 1;
				DEBUG_INFORMATION_FORMAT = dwarf;
				ENABLE_STRICT_OBJC_MSGSEND = YES;
				ENABLE_TESTABILITY = YES;
				GCC_C_LANGUAGE_STANDARD = gnu99;
				GCC_DYNAMIC_NO_PIC = NO;
				GCC_NO_COMMON_BLOCKS = YES;
				GCC_OPTIMIZATION_LEVEL = 0;
				GCC_PREPROCESSOR_DEFINITIONS = (
					"DEBUG=1",
					"$(inherited)",
				);
				GCC_WARN_64_TO_32_BIT_CONVERSION = YES;
				GCC_WARN_ABOUT_RETURN_TYPE = YES_ERROR;
				GCC_WARN_UNDECLARED_SELECTOR = YES;
				GCC_WARN_UNINITIALIZED_AUTOS = YES_AGGRESSIVE;
				GCC_WARN_UNUSED_FUNCTION = YES;
				GCC_WARN_UNUSED_VARIABLE = YES;
				IPHONEOS_DEPLOYMENT_TARGET = 8.0;
				MTL_ENABLE_DEBUG_INFO = YES;
				ONLY_ACTIVE_ARCH = YES;
				SDKROOT = iphoneos;
				SWIFT_OPTIMIZATION_LEVEL = "-Onone";
				TARGETED_DEVICE_FAMILY = "1,2";
				VERSIONING_SYSTEM = "apple-generic";
				VERSION_INFO_PREFIX = "";
			};
			name = Debug;
		};
		DE702CE31BFAC6830017CEE8 /* Release */ = {
			isa = XCBuildConfiguration;
			buildSettings = {
				ALWAYS_SEARCH_USER_PATHS = NO;
				APPLICATION_EXTENSION_API_ONLY = YES;
				CLANG_CXX_LANGUAGE_STANDARD = "gnu++0x";
				CLANG_CXX_LIBRARY = "libc++";
				CLANG_ENABLE_MODULES = YES;
				CLANG_ENABLE_OBJC_ARC = YES;
				CLANG_WARN_BOOL_CONVERSION = YES;
				CLANG_WARN_CONSTANT_CONVERSION = YES;
				CLANG_WARN_DIRECT_OBJC_ISA_USAGE = YES_ERROR;
				CLANG_WARN_EMPTY_BODY = YES;
				CLANG_WARN_ENUM_CONVERSION = YES;
				CLANG_WARN_INT_CONVERSION = YES;
				CLANG_WARN_OBJC_ROOT_CLASS = YES_ERROR;
				CLANG_WARN_UNREACHABLE_CODE = YES;
				CLANG_WARN__DUPLICATE_METHOD_MATCH = YES;
				"CODE_SIGN_IDENTITY[sdk=iphoneos*]" = "iPhone Developer";
				COPY_PHASE_STRIP = NO;
				CURRENT_PROJECT_VERSION = 1;
				DEBUG_INFORMATION_FORMAT = "dwarf-with-dsym";
				ENABLE_NS_ASSERTIONS = NO;
				ENABLE_STRICT_OBJC_MSGSEND = YES;
				GCC_C_LANGUAGE_STANDARD = gnu99;
				GCC_NO_COMMON_BLOCKS = YES;
				GCC_WARN_64_TO_32_BIT_CONVERSION = YES;
				GCC_WARN_ABOUT_RETURN_TYPE = YES_ERROR;
				GCC_WARN_UNDECLARED_SELECTOR = YES;
				GCC_WARN_UNINITIALIZED_AUTOS = YES_AGGRESSIVE;
				GCC_WARN_UNUSED_FUNCTION = YES;
				GCC_WARN_UNUSED_VARIABLE = YES;
				IPHONEOS_DEPLOYMENT_TARGET = 8.0;
				MTL_ENABLE_DEBUG_INFO = NO;
				SDKROOT = iphoneos;
				TARGETED_DEVICE_FAMILY = "1,2";
				VALIDATE_PRODUCT = YES;
				VERSIONING_SYSTEM = "apple-generic";
				VERSION_INFO_PREFIX = "";
			};
			name = Release;
		};
		DE702CE51BFAC6830017CEE8 /* Debug */ = {
			isa = XCBuildConfiguration;
			buildSettings = {
				CLANG_ENABLE_MODULES = YES;
				DEFINES_MODULE = YES;
				DYLIB_COMPATIBILITY_VERSION = 1;
				DYLIB_CURRENT_VERSION = 1;
				DYLIB_INSTALL_NAME_BASE = "@rpath";
				FRAMEWORK_SEARCH_PATHS = (
					"$(inherited)",
					"$(PROJECT_DIR)/Carthage/Build/iOS",
				);
				INFOPLIST_FILE = Tyro/Info.plist;
				INSTALL_PATH = "$(LOCAL_LIBRARY_DIR)/Frameworks";
				IPHONEOS_DEPLOYMENT_TARGET = 8.0;
				LD_RUNPATH_SEARCH_PATHS = "$(inherited) @executable_path/Frameworks @loader_path/Frameworks";
				PRODUCT_BUNDLE_IDENTIFIER = com.typelift.Tyro;
				PRODUCT_NAME = Tyro;
				SKIP_INSTALL = YES;
				SWIFT_OPTIMIZATION_LEVEL = "-Onone";
				SWIFT_VERSION = 3.0;
			};
			name = Debug;
		};
		DE702CE61BFAC6830017CEE8 /* Release */ = {
			isa = XCBuildConfiguration;
			buildSettings = {
				CLANG_ENABLE_MODULES = YES;
				DEFINES_MODULE = YES;
				DYLIB_COMPATIBILITY_VERSION = 1;
				DYLIB_CURRENT_VERSION = 1;
				DYLIB_INSTALL_NAME_BASE = "@rpath";
				FRAMEWORK_SEARCH_PATHS = (
					"$(inherited)",
					"$(PROJECT_DIR)/Carthage/Build/iOS",
				);
				INFOPLIST_FILE = Tyro/Info.plist;
				INSTALL_PATH = "$(LOCAL_LIBRARY_DIR)/Frameworks";
				IPHONEOS_DEPLOYMENT_TARGET = 8.0;
				LD_RUNPATH_SEARCH_PATHS = "$(inherited) @executable_path/Frameworks @loader_path/Frameworks";
				PRODUCT_BUNDLE_IDENTIFIER = com.typelift.Tyro;
				PRODUCT_NAME = Tyro;
				SKIP_INSTALL = YES;
				SWIFT_VERSION = 3.0;
			};
			name = Release;
		};
		DE702CE81BFAC6830017CEE8 /* Debug */ = {
			isa = XCBuildConfiguration;
			buildSettings = {
				APPLICATION_EXTENSION_API_ONLY = NO;
				CLANG_ENABLE_MODULES = YES;
				DEBUG_INFORMATION_FORMAT = "dwarf-with-dsym";
				FRAMEWORK_SEARCH_PATHS = (
					"$(inherited)",
					"$(PROJECT_DIR)/Carthage/Build/iOS",
					"$(PROJECT_DIR)/Carthage/Checkouts/Swiftz/Carthage/Checkouts/SwiftCheck/build/Debug-iphoneos",
				);
				INFOPLIST_FILE = TyroTests/Info.plist;
				LD_RUNPATH_SEARCH_PATHS = "$(inherited) @executable_path/Frameworks @loader_path/Frameworks";
				PRODUCT_BUNDLE_IDENTIFIER = com.typelift.TyroTests;
				PRODUCT_NAME = "$(TARGET_NAME)";
				SWIFT_OPTIMIZATION_LEVEL = "-Onone";
				TARGETED_DEVICE_FAMILY = 1;
			};
			name = Debug;
		};
		DE702CE91BFAC6830017CEE8 /* Release */ = {
			isa = XCBuildConfiguration;
			buildSettings = {
				APPLICATION_EXTENSION_API_ONLY = NO;
				CLANG_ENABLE_MODULES = YES;
				DEBUG_INFORMATION_FORMAT = "dwarf-with-dsym";
				FRAMEWORK_SEARCH_PATHS = (
					"$(inherited)",
					"$(PROJECT_DIR)/Carthage/Build/iOS",
					"$(PROJECT_DIR)/Carthage/Checkouts/Swiftz/Carthage/Checkouts/SwiftCheck/build/Debug-iphoneos",
				);
				INFOPLIST_FILE = TyroTests/Info.plist;
				LD_RUNPATH_SEARCH_PATHS = "$(inherited) @executable_path/Frameworks @loader_path/Frameworks";
				PRODUCT_BUNDLE_IDENTIFIER = com.typelift.TyroTests;
				PRODUCT_NAME = "$(TARGET_NAME)";
				TARGETED_DEVICE_FAMILY = 1;
			};
			name = Release;
		};
		DE702D211BFB28E30017CEE8 /* Debug */ = {
			isa = XCBuildConfiguration;
			buildSettings = {
				CODE_SIGN_IDENTITY = "";
				COMBINE_HIDPI_IMAGES = YES;
				DEFINES_MODULE = YES;
				DYLIB_COMPATIBILITY_VERSION = 1;
				DYLIB_CURRENT_VERSION = 1;
				DYLIB_INSTALL_NAME_BASE = "@rpath";
				FRAMEWORK_VERSION = A;
				INFOPLIST_FILE = Tyro/Info.plist;
				INSTALL_PATH = "$(LOCAL_LIBRARY_DIR)/Frameworks";
				LD_RUNPATH_SEARCH_PATHS = "$(inherited) @executable_path/../Frameworks @loader_path/Frameworks";
				MACOSX_DEPLOYMENT_TARGET = 10.10;
				PRODUCT_BUNDLE_IDENTIFIER = com.typelift.Tyro;
				PRODUCT_NAME = "$(TARGET_NAME)";
				SDKROOT = macosx;
				SKIP_INSTALL = YES;
				SWIFT_VERSION = 3.0;
			};
			name = Debug;
		};
		DE702D221BFB28E30017CEE8 /* Release */ = {
			isa = XCBuildConfiguration;
			buildSettings = {
				CODE_SIGN_IDENTITY = "";
				COMBINE_HIDPI_IMAGES = YES;
				DEFINES_MODULE = YES;
				DYLIB_COMPATIBILITY_VERSION = 1;
				DYLIB_CURRENT_VERSION = 1;
				DYLIB_INSTALL_NAME_BASE = "@rpath";
				FRAMEWORK_VERSION = A;
				INFOPLIST_FILE = Tyro/Info.plist;
				INSTALL_PATH = "$(LOCAL_LIBRARY_DIR)/Frameworks";
				LD_RUNPATH_SEARCH_PATHS = "$(inherited) @executable_path/../Frameworks @loader_path/Frameworks";
				MACOSX_DEPLOYMENT_TARGET = 10.10;
				PRODUCT_BUNDLE_IDENTIFIER = com.typelift.Tyro;
				PRODUCT_NAME = "$(TARGET_NAME)";
				SDKROOT = macosx;
				SKIP_INSTALL = YES;
				SWIFT_VERSION = 3.0;
			};
			name = Release;
		};
		DE702D241BFB28E30017CEE8 /* Debug */ = {
			isa = XCBuildConfiguration;
			buildSettings = {
				APPLICATION_EXTENSION_API_ONLY = NO;
				CODE_SIGN_IDENTITY = "-";
				COMBINE_HIDPI_IMAGES = YES;
				INFOPLIST_FILE = TyroTests/Info.plist;
				LD_RUNPATH_SEARCH_PATHS = "$(inherited) @executable_path/../Frameworks @loader_path/../Frameworks";
				MACOSX_DEPLOYMENT_TARGET = 10.10;
				PRODUCT_BUNDLE_IDENTIFIER = com.typelift.TyroTests;
				PRODUCT_NAME = "$(TARGET_NAME)";
				SDKROOT = macosx;
				SWIFT_VERSION = 3.0;
			};
			name = Debug;
		};
		DE702D251BFB28E30017CEE8 /* Release */ = {
			isa = XCBuildConfiguration;
			buildSettings = {
				APPLICATION_EXTENSION_API_ONLY = NO;
				CODE_SIGN_IDENTITY = "-";
				COMBINE_HIDPI_IMAGES = YES;
				INFOPLIST_FILE = TyroTests/Info.plist;
				LD_RUNPATH_SEARCH_PATHS = "$(inherited) @executable_path/../Frameworks @loader_path/../Frameworks";
				MACOSX_DEPLOYMENT_TARGET = 10.10;
				PRODUCT_BUNDLE_IDENTIFIER = com.typelift.TyroTests;
				PRODUCT_NAME = "$(TARGET_NAME)";
				SDKROOT = macosx;
				SWIFT_VERSION = 3.0;
			};
			name = Release;
		};
/* End XCBuildConfiguration section */

/* Begin XCConfigurationList section */
		823739951CC99B1500CBAF3C /* Build configuration list for PBXNativeTarget "Tyro-tvOS" */ = {
			isa = XCConfigurationList;
			buildConfigurations = (
				823739831CC99B1500CBAF3C /* Debug */,
				823739841CC99B1500CBAF3C /* Release */,
			);
			defaultConfigurationIsVisible = 0;
			defaultConfigurationName = Release;
		};
		823739961CC99B1500CBAF3C /* Build configuration list for PBXNativeTarget "Tyro-tvOSTests" */ = {
			isa = XCConfigurationList;
			buildConfigurations = (
				823739851CC99B1500CBAF3C /* Debug */,
				823739861CC99B1500CBAF3C /* Release */,
			);
			defaultConfigurationIsVisible = 0;
			defaultConfigurationName = Release;
		};
		8A5621B11CC8F9B300B956F4 /* Build configuration list for PBXNativeTarget "Tyro-watchOS" */ = {
			isa = XCConfigurationList;
			buildConfigurations = (
				8A5621B21CC8F9B300B956F4 /* Debug */,
				8A5621B31CC8F9B300B956F4 /* Release */,
			);
			defaultConfigurationIsVisible = 0;
			defaultConfigurationName = Release;
		};
		DE702CCA1BFAC6820017CEE8 /* Build configuration list for PBXProject "Tyro" */ = {
			isa = XCConfigurationList;
			buildConfigurations = (
				DE702CE21BFAC6830017CEE8 /* Debug */,
				DE702CE31BFAC6830017CEE8 /* Release */,
			);
			defaultConfigurationIsVisible = 0;
			defaultConfigurationName = Release;
		};
		DE702CE41BFAC6830017CEE8 /* Build configuration list for PBXNativeTarget "Tyro-iOS" */ = {
			isa = XCConfigurationList;
			buildConfigurations = (
				DE702CE51BFAC6830017CEE8 /* Debug */,
				DE702CE61BFAC6830017CEE8 /* Release */,
			);
			defaultConfigurationIsVisible = 0;
			defaultConfigurationName = Release;
		};
		DE702CE71BFAC6830017CEE8 /* Build configuration list for PBXNativeTarget "Tyro-iOSTests" */ = {
			isa = XCConfigurationList;
			buildConfigurations = (
				DE702CE81BFAC6830017CEE8 /* Debug */,
				DE702CE91BFAC6830017CEE8 /* Release */,
			);
			defaultConfigurationIsVisible = 0;
			defaultConfigurationName = Release;
		};
		DE702D201BFB28E30017CEE8 /* Build configuration list for PBXNativeTarget "Tyro" */ = {
			isa = XCConfigurationList;
			buildConfigurations = (
				DE702D211BFB28E30017CEE8 /* Debug */,
				DE702D221BFB28E30017CEE8 /* Release */,
			);
			defaultConfigurationIsVisible = 0;
			defaultConfigurationName = Release;
		};
		DE702D231BFB28E30017CEE8 /* Build configuration list for PBXNativeTarget "TyroTests" */ = {
			isa = XCConfigurationList;
			buildConfigurations = (
				DE702D241BFB28E30017CEE8 /* Debug */,
				DE702D251BFB28E30017CEE8 /* Release */,
			);
			defaultConfigurationIsVisible = 0;
			defaultConfigurationName = Release;
		};
/* End XCConfigurationList section */
	};
	rootObject = DE702CC71BFAC6820017CEE8 /* Project object */;
}
